Microsoft Visual Studio Solution File, Format Version 10.00
# Visual Studio 2008
Project("{8BC9CEB8-8B4A-11D0-8D11-00A0C91BC942}") = "Codejock.ToolkitPro.ResourceArSa", ".\ResourceArSa\ResourceArSa_vc90.vcproj", "{37637245-9696-7141-7247-564713383599}"
EndProject
Project("{8BC9CEB8-8B4A-11D0-8D11-00A0C91BC942}") = "Codejock.ToolkitPro.ResourceBg", ".\ResourceBg\ResourceBg_vc90.vcproj", "{21962227-7349-1741-2566-426784981841}"
EndProject
Project("{8BC9CEB8-8B4A-11D0-8D11-00A0C91BC942}") = "Codejock.ToolkitPro.ResourceCs", ".\ResourceCs\ResourceCs_vc90.vcproj", "{55788962-5496-8834-8217-645546399891}"
EndProject
Project("{8BC9CEB8-8B4A-11D0-8D11-00A0C91BC942}") = "Codejock.ToolkitPro.ResourceDa", ".\ResourceDa\ResourceDa_vc90.vcproj", "{21186367-2164-2539-6379-149373432649}"
EndProject
Project("{8BC9CEB8-8B4A-11D0-8D11-00A0C91BC942}") = "Codejock.ToolkitPro.ResourceDe", ".\ResourceDe\ResourceDe_vc90.vcproj", "{17175435-9324-2729-5775-811971286297}"
EndProject
Project("{8BC9CEB8-8B4A-11D0-8D11-00A0C91BC942}") = "Codejock.ToolkitPro.ResourceEl", ".\ResourceEl\ResourceEl_vc90.vcproj", "{11319417-7878-4429-9194-763962883548}"
EndProject
Project("{8BC9CEB8-8B4A-11D0-8D11-00A0C91BC942}") = "Codejock.ToolkitPro.ResourceEn", ".\ResourceEn\ResourceEn_vc90.vcproj", "{45236152-4134-3512-6745-982725213598}"
EndProject
Project("{8BC9CEB8-8B4A-11D0-8D11-00A0C91BC942}") = "Codejock.ToolkitPro.ResourceEs", ".\ResourceEs\ResourceEs_vc90.vcproj", "{91534557-2782-6218-4818-486541345346}"
EndProject
Project("{8BC9CEB8-8B4A-11D0-8D11-00A0C91BC942}") = "Codejock.ToolkitPro.ResourceEt", ".\ResourceEt\ResourceEt_vc90.vcproj", "{87423525-9843-5497-4393-157249299994}"
EndProject
Project("{8BC9CEB8-8B4A-11D0-8D11-00A0C91BC942}") = "Codejock.ToolkitPro.ResourceFi", ".\ResourceFi\ResourceFi_vc90.vcproj", "{81758618-7596-8987-8622-119239886245}"
EndProject
Project("{8BC9CEB8-8B4A-11D0-8D11-00A0C91BC942}") = "Codejock.ToolkitPro.ResourceFr", ".\ResourceFr\ResourceFr_vc90.vcproj", "{26574342-4652-6281-4473-338983216295}"
EndProject
Project("{8BC9CEB8-8B4A-11D0-8D11-00A0C91BC942}") = "Codejock.ToolkitPro.ResourceHe", ".\ResourceHe\ResourceHe_vc90.vcproj", "{82882658-2311-9876-2546-733718348144}"
EndProject
Project("{8BC9CEB8-8B4A-11D0-8D11-00A0C91BC942}") = "Codejock.ToolkitPro.ResourceHr", ".\ResourceHr\ResourceHr_vc90.vcproj", "{54635968-9462-7973-5443-418726223586}"
EndProject
Project("{8BC9CEB8-8B4A-11D0-8D11-00A0C91BC942}") = "Codejock.ToolkitPro.ResourceHu", ".\ResourceHu\ResourceHu_vc90.vcproj", "{72116798-7224-2665-6359-446498799843}"
EndProject
Project("{8BC9CEB8-8B4A-11D0-8D11-00A0C91BC942}") = "Codejock.ToolkitPro.ResourceIt", ".\ResourceIt\ResourceIt_vc90.vcproj", "{96922433-4379-1768-2991-675251119993}"
EndProject
Project("{8BC9CEB8-8B4A-11D0-8D11-00A0C91BC942}") = "Codejock.ToolkitPro.ResourceJa", ".\ResourceJa\ResourceJa_vc90.vcproj", "{62339848-2938-4455-9174-169987251742}"
EndProject
Project("{8BC9CEB8-8B4A-11D0-8D11-00A0C91BC942}") = "Codejock.ToolkitPro.ResourceKo", ".\ResourceKo\ResourceKo_vc90.vcproj", "{34183259-9189-2552-3161-755985135283}"
EndProject
Project("{8BC9CEB8-8B4A-11D0-8D11-00A0C91BC942}") = "Codejock.ToolkitPro.ResourceLt", ".\ResourceLt\ResourceLt_vc90.vcproj", "{52554988-7752-6344-4888-783666693649}"
EndProject
Project("{8BC9CEB8-8B4A-11D0-8D11-00A0C91BC942}") = "Codejock.ToolkitPro.ResourceLv", ".\ResourceLv\ResourceLv_vc90.vcproj", "{86369633-4918-4437-9639-922429122699}"
EndProject
Project("{8BC9CEB8-8B4A-11D0-8D11-00A0C91BC942}") = "Codejock.ToolkitPro.ResourceNl", ".\ResourceNl\ResourceNl_vc90.vcproj", "{42677939-2666-7133-7692-416255254448}"
EndProject
Project("{8BC9CEB8-8B4A-11D0-8D11-00A0C91BC942}") = "Codejock.ToolkitPro.ResourceNo", ".\ResourceNo\ResourceNo_vc90.vcproj", "{14431359-9717-5229-1698-192253138881}"
EndProject
Project("{8BC9CEB8-8B4A-11D0-8D11-00A0C91BC942}") = "Codejock.ToolkitPro.ResourcePl", ".\ResourcePl\ResourcePl_vc90.vcproj", "{69394847-8164-5625-2932-193743785929}"
EndProject
Project("{8BC9CEB8-8B4A-11D0-8D11-00A0C91BC942}") = "Codejock.ToolkitPro.ResourcePt", ".\ResourcePt\ResourcePt_vc90.vcproj", "{84221672-6329-3718-7682-322695294979}"
EndProject
Project("{8BC9CEB8-8B4A-11D0-8D11-00A0C91BC942}") = "Codejock.ToolkitPro.ResourcePtBr", ".\ResourcePtBr\ResourcePtBr_vc90.vcproj", "{59528987-4978-6415-5755-726432236828}"
EndProject
Project("{8BC9CEB8-8B4A-11D0-8D11-00A0C91BC942}") = "Codejock.ToolkitPro.ResourceRo", ".\ResourceRo\ResourceRo_vc90.vcproj", "{22372318-2129-4592-8752-512439221369}"
EndProject
Project("{8BC9CEB8-8B4A-11D0-8D11-00A0C91BC942}") = "Codejock.ToolkitPro.ResourceRu", ".\ResourceRu\ResourceRu_vc90.vcproj", "{49742138-8782-8394-9569-449111788626}"
EndProject
Project("{8BC9CEB8-8B4A-11D0-8D11-00A0C91BC942}") = "Codejock.ToolkitPro.ResourceSk", ".\ResourceSk\ResourceSk_vc90.vcproj", "{74568772-6848-7486-5311-668864117776}"
EndProject
Project("{8BC9CEB8-8B4A-11D0-8D11-00A0C91BC942}") = "Codejock.ToolkitPro.ResourceSl", ".\ResourceSl\ResourceSl_vc90.vcproj", "{39966278-4696-1173-4383-163699249525}"
EndProject
Project("{8BC9CEB8-8B4A-11D0-8D11-00A0C91BC942}") = "Codejock.ToolkitPro.ResourceSr", ".\ResourceSr\ResourceSr_vc90.vcproj", "{93629598-2657-8279-6371-758617124967}"
EndProject
Project("{8BC9CEB8-8B4A-11D0-8D11-00A0C91BC942}") = "Codejock.ToolkitPro.ResourceSv", ".\ResourceSv\ResourceSv_vc90.vcproj", "{21199228-8419-3862-7297-786388681324}"
EndProject
Project("{8BC9CEB8-8B4A-11D0-8D11-00A0C91BC942}") = "Codejock.ToolkitPro.ResourceTh", ".\ResourceTh\ResourceTh_vc90.vcproj", "{55916963-6566-1165-4848-915142911474}"
EndProject
Project("{8BC9CEB8-8B4A-11D0-8D11-00A0C91BC942}") = "Codejock.ToolkitPro.ResourceTr", ".\ResourceTr\ResourceTr_vc90.vcproj", "{21324368-4224-4751-2912-419867143223}"
EndProject
Project("{8BC9CEB8-8B4A-11D0-8D11-00A0C91BC942}") = "Codejock.ToolkitPro.ResourceUk", ".\ResourceUk\ResourceUk_vc90.vcproj", "{83167689-2375-2858-4818-185875927664}"
EndProject
Project("{8BC9CEB8-8B4A-11D0-8D11-00A0C91BC942}") = "Codejock.ToolkitPro.ResourceZhCn", ".\ResourceZhCn\ResourceZhCn_vc90.vcproj", "{86312662-9939-5448-8237-147856624925}"
EndProject
Project("{8BC9CEB8-8B4A-11D0-8D11-00A0C91BC942}") = "Codejock.ToolkitPro.ResourceZhTw", ".\ResourceZhTw\ResourceZhTw_vc90.vcproj", "{45354153-6284-5643-2476-252319914171}"
EndProject
