Microsoft Visual Studio Solution File, Format Version 10.00
# Visual Studio 2008
Project("{8BC9CEB8-8B4A-11D0-8D11-00A0C91BC942}") = "EditListBox", "EditListBox_vc90.vcproj", "{95457245-8735-7623-8697-159795212438}"
EndProject
Global
	GlobalSection(SolutionConfigurationPlatforms) = preSolution
		Debug|Win32 = Debug|Win32
		Release|Win32 = Release|Win32
		Unicode Debug|Win32 = Unicode Debug|Win32
		Unicode Release|Win32 = Unicode Release|Win32
	EndGlobalSection
	GlobalSection(ProjectConfigurationPlatforms) = postSolution
		{95457245-8735-7623-8697-159795212438}.Debug|Win32.ActiveCfg = Debug|Win32
		{95457245-8735-7623-8697-159795212438}.Debug|Win32.Build.0 = Debug|Win32
		{95457245-8735-7623-8697-159795212438}.Release|Win32.ActiveCfg = Release|Win32
		{95457245-8735-7623-8697-159795212438}.Release|Win32.Build.0 = Release|Win32
		{95457245-8735-7623-8697-159795212438}.Unicode Debug|Win32.ActiveCfg = Unicode Debug|Win32
		{95457245-8735-7623-8697-159795212438}.Unicode Debug|Win32.Build.0 = Unicode Debug|Win32
		{95457245-8735-7623-8697-159795212438}.Unicode Release|Win32.ActiveCfg = Unicode Release|Win32
		{95457245-8735-7623-8697-159795212438}.Unicode Release|Win32.Build.0 = Unicode Release|Win32
	EndGlobalSection
	GlobalSection(SolutionProperties) = preSolution
		HideSolutionNode = FALSE
	EndGlobalSection
EndGlobal
