<?xml version="1.0" encoding="utf-8"?>
<Project ToolsVersion="4.0" xmlns="http://schemas.microsoft.com/developer/msbuild/2003">
  <ItemGroup>
    <Filter Include="Source Files">
      <UniqueIdentifier>{4FC737F1-C7A5-4376-A066-2A32D752A2FF}</UniqueIdentifier>
      <Extensions>cpp;c;cc;cxx;def;odl;idl;hpj;bat;asm;asmx</Extensions>
    </Filter>
    <Filter Include="Header Files">
      <UniqueIdentifier>{93995380-89BD-4b04-88EB-625FBE52EBFB}</UniqueIdentifier>
      <Extensions>h;hh;hpp;hxx;hm;inl;inc;ipp;xsd</Extensions>
    </Filter>
    <Filter Include="Resource Files">
      <UniqueIdentifier>{67DA6AB6-F800-4c08-8B7A-83BB121AAD01}</UniqueIdentifier>
      <Extensions>rc;ico;cur;bmp;dlg;rc2;rct;bin;rgs;gif;jpg;jpeg;jpe;resx;tiff;tif;png;wav;mfcribbon-ms</Extensions>
    </Filter>
    <Filter Include="dll_export">
      <UniqueIdentifier>{c16677d8-d1fc-4f3f-ae80-16647f19bc02}</UniqueIdentifier>
    </Filter>
    <Filter Include="vt100">
      <UniqueIdentifier>{95cc49ea-2ed7-4351-bb61-48e5ad1f3333}</UniqueIdentifier>
    </Filter>
    <Filter Include="vt100\chars">
      <UniqueIdentifier>{59aab72d-62bf-4633-bfd7-b04cb18947ad}</UniqueIdentifier>
    </Filter>
    <Filter Include="vt100\conf">
      <UniqueIdentifier>{30a5083d-07d3-4db3-a3f7-12e387f43442}</UniqueIdentifier>
    </Filter>
    <Filter Include="vt100\control">
      <UniqueIdentifier>{d8b47c1a-766b-4036-9cb4-454287c651b5}</UniqueIdentifier>
    </Filter>
    <Filter Include="vt100\parser">
      <UniqueIdentifier>{7637f79f-efa0-4235-8528-174767bae5b8}</UniqueIdentifier>
    </Filter>
    <Filter Include="vt100\utf8">
      <UniqueIdentifier>{0bc0e33b-995d-4391-b25b-b09a2b27a18d}</UniqueIdentifier>
    </Filter>
  </ItemGroup>
  <ItemGroup>
    <ClCompile Include="lw_live.cpp">
      <Filter>dll_export</Filter>
    </ClCompile>
    <ClCompile Include="interaction.cpp">
      <Filter>Source Files</Filter>
    </ClCompile>
    <ClCompile Include="display.cpp">
      <Filter>Source Files</Filter>
    </ClCompile>
    <ClCompile Include="display_buffer.cpp">
      <Filter>Source Files</Filter>
    </ClCompile>
    <ClCompile Include="live_client_handler.cpp">
      <Filter>Source Files</Filter>
    </ClCompile>
    <ClCompile Include="stdafx.cpp">
      <Filter>Source Files</Filter>
    </ClCompile>
    <ClCompile Include="live_param.cpp">
      <Filter>Source Files</Filter>
    </ClCompile>
    <ClCompile Include="destination.cpp">
      <Filter>Source Files</Filter>
    </ClCompile>
    <ClCompile Include="display_buffer_limit.cpp">
      <Filter>Source Files</Filter>
    </ClCompile>
    <ClCompile Include="vt100\utf8\convert.cpp">
      <Filter>vt100\utf8</Filter>
    </ClCompile>
    <ClCompile Include="vt100\utf8\utf8_decode.cpp">
      <Filter>vt100\utf8</Filter>
    </ClCompile>
    <ClCompile Include="vt100\chars\screen_lines.cpp">
      <Filter>vt100\chars</Filter>
    </ClCompile>
    <ClCompile Include="vt100\chars\scrollback.cpp">
      <Filter>vt100\chars</Filter>
    </ClCompile>
    <ClCompile Include="vt100\chars\termchar.cpp">
      <Filter>vt100\chars</Filter>
    </ClCompile>
    <ClCompile Include="vt100\chars\termchar_attr.cpp">
      <Filter>vt100\chars</Filter>
    </ClCompile>
    <ClCompile Include="vt100\chars\termchar_attr_decode.cpp">
      <Filter>vt100\chars</Filter>
    </ClCompile>
    <ClCompile Include="vt100\chars\termline.cpp">
      <Filter>vt100\chars</Filter>
    </ClCompile>
    <ClCompile Include="vt100\conf\colours.cpp">
      <Filter>vt100\conf</Filter>
    </ClCompile>
    <ClCompile Include="vt100\conf\conf.cpp">
      <Filter>vt100\conf</Filter>
    </ClCompile>
    <ClCompile Include="vt100\control\control.cpp">
      <Filter>vt100\control</Filter>
    </ClCompile>
    <ClCompile Include="vt100\parser\argument.cpp">
      <Filter>vt100\parser</Filter>
    </ClCompile>
    <ClCompile Include="vt100\parser\osc_string.cpp">
      <Filter>vt100\parser</Filter>
    </ClCompile>
    <ClCompile Include="vt100\parser\parser.cpp">
      <Filter>vt100\parser</Filter>
    </ClCompile>
    <ClCompile Include="vt100\parser\parser_base.cpp">
      <Filter>vt100\parser</Filter>
    </ClCompile>
    <ClCompile Include="vt100\parser\parser_c0.cpp">
      <Filter>vt100\parser</Filter>
    </ClCompile>
    <ClCompile Include="vt100\parser\parser_csi.cpp">
      <Filter>vt100\parser</Filter>
    </ClCompile>
    <ClCompile Include="vt100\parser\parser_esc.cpp">
      <Filter>vt100\parser</Filter>
    </ClCompile>
    <ClCompile Include="vt100\parser\parser_osc.cpp">
      <Filter>vt100\parser</Filter>
    </ClCompile>
    <ClCompile Include="vt100\parser\parser_osc_maybe_st.cpp">
      <Filter>vt100\parser</Filter>
    </ClCompile>
    <ClCompile Include="vt100\parser\parser_osc_p.cpp">
      <Filter>vt100\parser</Filter>
    </ClCompile>
    <ClCompile Include="vt100\parser\parser_osc_string.cpp">
      <Filter>vt100\parser</Filter>
    </ClCompile>
    <ClCompile Include="vt100\parser\parser_osc_w.cpp">
      <Filter>vt100\parser</Filter>
    </ClCompile>
    <ClCompile Include="vt100\parser\parser_toplevel.cpp">
      <Filter>vt100\parser</Filter>
    </ClCompile>
    <ClCompile Include="vt100\parser\parser_vt52_bg.cpp">
      <Filter>vt100\parser</Filter>
    </ClCompile>
    <ClCompile Include="vt100\parser\parser_vt52_esc.cpp">
      <Filter>vt100\parser</Filter>
    </ClCompile>
    <ClCompile Include="vt100\parser\parser_vt52_fg.cpp">
      <Filter>vt100\parser</Filter>
    </ClCompile>
    <ClCompile Include="vt100\parser\parser_vt52_y1.cpp">
      <Filter>vt100\parser</Filter>
    </ClCompile>
    <ClCompile Include="vt100\parser\parser_vt52_y2.cpp">
      <Filter>vt100\parser</Filter>
    </ClCompile>
    <ClCompile Include="vt100\screen.cpp">
      <Filter>vt100</Filter>
    </ClCompile>
    <ClCompile Include="vt100\terminal.cpp">
      <Filter>vt100</Filter>
    </ClCompile>
    <ClCompile Include="vt100\vt_terminal.cpp">
      <Filter>vt100</Filter>
    </ClCompile>
    <ClCompile Include="vt100\ui.cpp">
      <Filter>vt100</Filter>
    </ClCompile>
  </ItemGroup>
  <ItemGroup>
    <None Include="lw_live.def">
      <Filter>dll_export</Filter>
    </None>
  </ItemGroup>
  <ItemGroup>
    <ClInclude Include="lw_live.h">
      <Filter>dll_export</Filter>
    </ClInclude>
    <ClInclude Include="interaction.h">
      <Filter>Header Files</Filter>
    </ClInclude>
    <ClInclude Include="display.h">
      <Filter>Header Files</Filter>
    </ClInclude>
    <ClInclude Include="display_buffer.h">
      <Filter>Header Files</Filter>
    </ClInclude>
    <ClInclude Include="live_client_handler.h">
      <Filter>Header Files</Filter>
    </ClInclude>
    <ClInclude Include="stdafx.h">
      <Filter>Header Files</Filter>
    </ClInclude>
    <ClInclude Include="live_param.h">
      <Filter>Header Files</Filter>
    </ClInclude>
    <ClInclude Include="destination.h">
      <Filter>Header Files</Filter>
    </ClInclude>
    <ClInclude Include="display_buffer_limit.h">
      <Filter>Header Files</Filter>
    </ClInclude>
    <ClInclude Include="vt100\utf8\convert.h">
      <Filter>vt100\utf8</Filter>
    </ClInclude>
    <ClInclude Include="vt100\utf8\utf8_decode.h">
      <Filter>vt100\utf8</Filter>
    </ClInclude>
    <ClInclude Include="vt100\chars\screen_lines.h">
      <Filter>vt100\chars</Filter>
    </ClInclude>
    <ClInclude Include="vt100\chars\scrollback.h">
      <Filter>vt100\chars</Filter>
    </ClInclude>
    <ClInclude Include="vt100\chars\termchar.h">
      <Filter>vt100\chars</Filter>
    </ClInclude>
    <ClInclude Include="vt100\chars\termchar_attr.h">
      <Filter>vt100\chars</Filter>
    </ClInclude>
    <ClInclude Include="vt100\chars\termchar_attr_decode.h">
      <Filter>vt100\chars</Filter>
    </ClInclude>
    <ClInclude Include="vt100\chars\termline.h">
      <Filter>vt100\chars</Filter>
    </ClInclude>
    <ClInclude Include="vt100\conf\colours.h">
      <Filter>vt100\conf</Filter>
    </ClInclude>
    <ClInclude Include="vt100\conf\conf.h">
      <Filter>vt100\conf</Filter>
    </ClInclude>
    <ClInclude Include="vt100\control\control.h">
      <Filter>vt100\control</Filter>
    </ClInclude>
    <ClInclude Include="vt100\parser\argument.h">
      <Filter>vt100\parser</Filter>
    </ClInclude>
    <ClInclude Include="vt100\parser\osc_string.h">
      <Filter>vt100\parser</Filter>
    </ClInclude>
    <ClInclude Include="vt100\parser\parser.h">
      <Filter>vt100\parser</Filter>
    </ClInclude>
    <ClInclude Include="vt100\parser\parser_base.h">
      <Filter>vt100\parser</Filter>
    </ClInclude>
    <ClInclude Include="vt100\parser\parser_c0.h">
      <Filter>vt100\parser</Filter>
    </ClInclude>
    <ClInclude Include="vt100\parser\parser_csi.h">
      <Filter>vt100\parser</Filter>
    </ClInclude>
    <ClInclude Include="vt100\parser\parser_esc.h">
      <Filter>vt100\parser</Filter>
    </ClInclude>
    <ClInclude Include="vt100\parser\parser_osc.h">
      <Filter>vt100\parser</Filter>
    </ClInclude>
    <ClInclude Include="vt100\parser\parser_osc_maybe_st.h">
      <Filter>vt100\parser</Filter>
    </ClInclude>
    <ClInclude Include="vt100\parser\parser_osc_p.h">
      <Filter>vt100\parser</Filter>
    </ClInclude>
    <ClInclude Include="vt100\parser\parser_osc_string.h">
      <Filter>vt100\parser</Filter>
    </ClInclude>
    <ClInclude Include="vt100\parser\parser_osc_w.h">
      <Filter>vt100\parser</Filter>
    </ClInclude>
    <ClInclude Include="vt100\parser\parser_toplevel.h">
      <Filter>vt100\parser</Filter>
    </ClInclude>
    <ClInclude Include="vt100\parser\parser_vt52_bg.h">
      <Filter>vt100\parser</Filter>
    </ClInclude>
    <ClInclude Include="vt100\parser\parser_vt52_esc.h">
      <Filter>vt100\parser</Filter>
    </ClInclude>
    <ClInclude Include="vt100\parser\parser_vt52_fg.h">
      <Filter>vt100\parser</Filter>
    </ClInclude>
    <ClInclude Include="vt100\parser\parser_vt52_y1.h">
      <Filter>vt100\parser</Filter>
    </ClInclude>
    <ClInclude Include="vt100\parser\parser_vt52_y2.h">
      <Filter>vt100\parser</Filter>
    </ClInclude>
    <ClInclude Include="vt100\parser\termstate.h">
      <Filter>vt100\parser</Filter>
    </ClInclude>
    <ClInclude Include="vt100\screen.h">
      <Filter>vt100</Filter>
    </ClInclude>
    <ClInclude Include="vt100\terminal.h">
      <Filter>vt100</Filter>
    </ClInclude>
    <ClInclude Include="vt100\vt_type.h">
      <Filter>vt100</Filter>
    </ClInclude>
    <ClInclude Include="vt100\vt_terminal.h">
      <Filter>vt100</Filter>
    </ClInclude>
    <ClInclude Include="vt100\ui.h">
      <Filter>vt100</Filter>
    </ClInclude>
  </ItemGroup>
</Project>