Microsoft Visual Studio Solution File, Format Version 8.00
Project("{8BC9CEB8-8B4A-11D0-8D11-00A0C91BC942}") = "Animation", "..\..\Samples\Controls\Animation\Animation_vc71.vcproj", "{31994238-3549-2487-6476-849997667759}"
EndProject
Project("{8BC9CEB8-8B4A-11D0-8D11-00A0C91BC942}") = "BrowseDialog", "..\..\Samples\Controls\BrowseDialog\BrowseDialog_vc71.vcproj", "{93757559-2691-9585-8473-635995542292}"
EndProject
Project("{8BC9CEB8-8B4A-11D0-8D11-00A0C91BC942}") = "BrowseEdit", "..\..\Samples\Controls\BrowseEdit\BrowseEdit_vc71.vcproj", "{21227378-8454-4277-9399-563676119558}"
EndProject
Project("{8BC9CEB8-8B4A-11D0-8D11-00A0C91BC942}") = "Button", "..\..\Samples\Controls\Button\Button_vc71.vcproj", "{55144923-6519-2479-6941-791539438698}"
EndProject
Project("{8BC9CEB8-8B4A-11D0-8D11-00A0C91BC942}") = "CaptionBar", "..\..\Samples\Controls\CaptionBar\CaptionBar_vc71.vcproj", "{11442428-3267-5166-4114-286266561457}"
EndProject
Project("{8BC9CEB8-8B4A-11D0-8D11-00A0C91BC942}") = "CheckListBox", "..\..\Samples\Controls\CheckListBox\CheckListBox_vc71.vcproj", "{73295749-1329-3163-7911-872374445899}"
EndProject
Project("{8BC9CEB8-8B4A-11D0-8D11-00A0C91BC942}") = "ColorPicker", "..\..\Samples\Controls\ColorPicker\ColorPicker_vc71.vcproj", "{11665569-8972-7855-8828-819855923356}"
EndProject
Project("{8BC9CEB8-8B4A-11D0-8D11-00A0C91BC942}") = "Controls", "..\..\Samples\Controls\Controls\Controls_vc71.vcproj", "{35482213-6237-5948-4578-147718432395}"
EndProject
Project("{8BC9CEB8-8B4A-11D0-8D11-00A0C91BC942}") = "EditListBox", "..\..\Samples\Controls\EditListBox\EditListBox_vc71.vcproj", "{91789519-3896-9644-2642-533534564154}"
EndProject
Project("{8BC9CEB8-8B4A-11D0-8D11-00A0C91BC942}") = "ExcelTabDlg", "..\..\Samples\Controls\ExcelTabDlg\ExcelTabDlg_vc71.vcproj", "{63543839-1947-6732-5648-228542458696}"
EndProject
Project("{8BC9CEB8-8B4A-11D0-8D11-00A0C91BC942}") = "ExcelTabView", "..\..\Samples\Controls\ExcelTabView\ExcelTabView_vc71.vcproj", "{81914659-8619-2534-6456-256123926953}"
EndProject
Project("{8BC9CEB8-8B4A-11D0-8D11-00A0C91BC942}") = "FlatCombo", "..\..\Samples\Controls\FlatCombo\FlatCombo_vc71.vcproj", "{25739394-6765-9626-2297-374976345993}"
EndProject
Project("{8BC9CEB8-8B4A-11D0-8D11-00A0C91BC942}") = "FlatHeader", "..\..\Samples\Controls\FlatHeader\FlatHeader_vc71.vcproj", "{71237799-3424-3323-9279-779792477852}"
EndProject
Project("{8BC9CEB8-8B4A-11D0-8D11-00A0C91BC942}") = "FontCombo", "..\..\Samples\Controls\FontCombo\FontCombo_vc71.vcproj", "{44881121-1575-1419-3266-565719352394}"
EndProject
Project("{8BC9CEB8-8B4A-11D0-8D11-00A0C91BC942}") = "HexEdit", "..\..\Samples\Controls\HexEdit\HexEdit_vc71.vcproj", "{47225193-8239-4919-7585-527681958544}"
EndProject
Project("{8BC9CEB8-8B4A-11D0-8D11-00A0C91BC942}") = "HyperLink", "..\..\Samples\Controls\HyperLink\HyperLink_vc71.vcproj", "{96277584-6484-3395-9735-621244348699}"
EndProject
Project("{8BC9CEB8-8B4A-11D0-8D11-00A0C91BC942}") = "ListCtrl", "..\..\Samples\Controls\ListCtrl\ListCtrl_vc71.vcproj", "{37449243-4943-5888-1319-141379419443}"
EndProject
Project("{8BC9CEB8-8B4A-11D0-8D11-00A0C91BC942}") = "MDITabWindows", "..\..\Samples\Controls\MDITabWindows\MDITabWindows_vc71.vcproj", "{34338311-1293-4187-1795-812978255991}"
EndProject
Project("{8BC9CEB8-8B4A-11D0-8D11-00A0C91BC942}") = "MarqueeProgress", "..\..\Samples\Controls\MarqueeProgress\MarqueeProgress_vc71.vcproj", "{37564383-8857-7677-5124-764858852242}"
EndProject
Project("{8BC9CEB8-8B4A-11D0-8D11-00A0C91BC942}") = "MaskEdit", "..\..\Samples\Controls\MaskEdit\MaskEdit_vc71.vcproj", "{86525775-6112-7873-7363-967413252497}"
EndProject
Project("{8BC9CEB8-8B4A-11D0-8D11-00A0C91BC942}") = "PopupControl", "..\..\Samples\Controls\PopupControl\PopupControl_vc71.vcproj", "{74916971-3936-4984-2716-294349824225}"
EndProject
Project("{8BC9CEB8-8B4A-11D0-8D11-00A0C91BC942}") = "PropertySheet", "..\..\Samples\Controls\PropertySheet\PropertySheet_vc71.vcproj", "{61896948-9286-3174-1212-865958778773}"
EndProject
Project("{8BC9CEB8-8B4A-11D0-8D11-00A0C91BC942}") = "SearchOptions", "..\..\Samples\Controls\SearchOptions\SearchOptions_vc71.vcproj", "{64231921-7849-6773-5531-827938475124}"
EndProject
Project("{8BC9CEB8-8B4A-11D0-8D11-00A0C91BC942}") = "SplitterWindow", "..\..\Samples\Controls\SplitterWindow\SplitterWindow_vc71.vcproj", "{98956765-5996-4866-2371-145782795174}"
EndProject
Project("{8BC9CEB8-8B4A-11D0-8D11-00A0C91BC942}") = "TabCtrl", "..\..\Samples\Controls\TabCtrl\TabCtrl_vc71.vcproj", "{54364161-3664-7563-9444-549527837823}"
EndProject
Project("{8BC9CEB8-8B4A-11D0-8D11-00A0C91BC942}") = "TabbedView", "..\..\Samples\Controls\TabbedView\TabbedView_vc71.vcproj", "{51344238-9824-6752-8839-292226682571}"
EndProject
Project("{8BC9CEB8-8B4A-11D0-8D11-00A0C91BC942}") = "TipOfTheDay", "..\..\Samples\Controls\TipOfTheDay\TipOfTheDay_vc71.vcproj", "{54588211-7478-9452-3258-153296388721}"
EndProject
Project("{8BC9CEB8-8B4A-11D0-8D11-00A0C91BC942}") = "TipWindow", "..\..\Samples\Controls\TipWindow\TipWindow_vc71.vcproj", "{78495855-5634-7545-9819-382959698771}"
EndProject
Project("{8BC9CEB8-8B4A-11D0-8D11-00A0C91BC942}") = "TrayIconDemo", "..\..\Samples\Controls\TrayIcon\TrayIconDemo_vc71.vcproj", "{44712352-3382-2231-7972-776786731529}"
EndProject
Project("{8BC9CEB8-8B4A-11D0-8D11-00A0C91BC942}") = "TrayIconDlg", "..\..\Samples\Controls\TrayIconDlg\TrayIconDlg_vc71.vcproj", "{31682329-9442-1439-6467-548484685277}"
EndProject
Project("{8BC9CEB8-8B4A-11D0-8D11-00A0C91BC942}") = "TreeCtrl", "..\..\Samples\Controls\TreeCtrl\TreeCtrl_vc71.vcproj", "{34936392-7196-3929-1786-499465282428}"
EndProject
Project("{8BC9CEB8-8B4A-11D0-8D11-00A0C91BC942}") = "VistaTaskDialog", "..\..\Samples\Controls\VistaTaskDialog\VistaTaskDialog_vc71.vcproj", "{68753146-5252-2223-7537-638228612478}"
EndProject
Project("{8BC9CEB8-8B4A-11D0-8D11-00A0C91BC942}") = "WinExplorer", "..\..\Samples\Controls\WinExplorer\WinExplorer_vc71.vcproj", "{24151442-3819-5819-5511-123954743327}"
EndProject
Project("{8BC9CEB8-8B4A-11D0-8D11-00A0C91BC942}") = "WindowPos", "..\..\Samples\Controls\WindowPos\WindowPos_vc71.vcproj", "{21139519-9161-4918-5995-784753598875}"
EndProject
