Microsoft Visual Studio Solution File, Format Version 10.00
# Visual Studio 2008
Project("{8BC9CEB8-8B4A-11D0-8D11-00A0C91BC942}") = "ActivePaneView", "..\..\Samples\DockingPane\ActivePaneView\ActivePaneView_vc90.vcproj", "{94271658-4156-5953-4317-292664997146}"
EndProject
Project("{8BC9CEB8-8B4A-11D0-8D11-00A0C91BC942}") = "DialogPanes", "..\..\Samples\DockingPane\DialogPanes\DialogPanes_vc90.vcproj", "{97426731-2711-8643-8636-254545694387}"
EndProject
Project("{8BC9CEB8-8B4A-11D0-8D11-00A0C91BC942}") = "DockingContainers", "..\..\Samples\DockingPane\DockingContainers\DockingContainers_vc90.vcproj", "{22332475-9866-6736-5377-472497913447}"
EndProject
Project("{8BC9CEB8-8B4A-11D0-8D11-00A0C91BC942}") = "DynamicPanes", "..\..\Samples\DockingPane\DynamicPanes\DynamicPanes_vc90.vcproj", "{87649771-7524-9432-3441-877234155286}"
EndProject
Project("{8BC9CEB8-8B4A-11D0-8D11-00A0C91BC942}") = "MDIPanes", "..\..\Samples\DockingPane\MDIPanes\MDIPanes_vc90.vcproj", "{74528849-4774-8621-2845-548832891744}"
EndProject
Project("{8BC9CEB8-8B4A-11D0-8D11-00A0C91BC942}") = "Pane", "..\..\Samples\DockingPane\PaneSample\Pane_vc90.vcproj", "{84586791-9753-8629-3247-412595398428}"
EndProject
Project("{8BC9CEB8-8B4A-11D0-8D11-00A0C91BC942}") = "PaneActions", "..\..\Samples\DockingPane\PaneActions\PaneActions_vc90.vcproj", "{18413545-7819-6713-9888-631458627567}"
EndProject
Global
	GlobalSection(SolutionConfigurationPlatforms) = preSolution
		Debug|Win32 = Debug|Win32
		Release|Win32 = Release|Win32
		Unicode Debug|Win32 = Unicode Debug|Win32
		Unicode Release|Win32 = Unicode Release|Win32
	EndGlobalSection
	GlobalSection(ProjectConfigurationPlatforms) = postSolution
		{94271658-4156-5953-4317-292664997146}.Debug|Win32.ActiveCfg = Debug|Win32
		{94271658-4156-5953-4317-292664997146}.Debug|Win32.Build.0 = Debug|Win32
		{94271658-4156-5953-4317-292664997146}.Release|Win32.ActiveCfg = Release|Win32
		{94271658-4156-5953-4317-292664997146}.Release|Win32.Build.0 = Release|Win32
		{94271658-4156-5953-4317-292664997146}.Unicode Debug|Win32.ActiveCfg = Unicode Debug|Win32
		{94271658-4156-5953-4317-292664997146}.Unicode Debug|Win32.Build.0 = Unicode Debug|Win32
		{94271658-4156-5953-4317-292664997146}.Unicode Release|Win32.ActiveCfg = Unicode Release|Win32
		{94271658-4156-5953-4317-292664997146}.Unicode Release|Win32.Build.0 = Unicode Release|Win32
		{97426731-2711-8643-8636-254545694387}.Debug|Win32.ActiveCfg = Debug|Win32
		{97426731-2711-8643-8636-254545694387}.Debug|Win32.Build.0 = Debug|Win32
		{97426731-2711-8643-8636-254545694387}.Release|Win32.ActiveCfg = Release|Win32
		{97426731-2711-8643-8636-254545694387}.Release|Win32.Build.0 = Release|Win32
		{97426731-2711-8643-8636-254545694387}.Unicode Debug|Win32.ActiveCfg = Unicode Debug|Win32
		{97426731-2711-8643-8636-254545694387}.Unicode Debug|Win32.Build.0 = Unicode Debug|Win32
		{97426731-2711-8643-8636-254545694387}.Unicode Release|Win32.ActiveCfg = Unicode Release|Win32
		{97426731-2711-8643-8636-254545694387}.Unicode Release|Win32.Build.0 = Unicode Release|Win32
		{22332475-9866-6736-5377-472497913447}.Debug|Win32.ActiveCfg = Debug|Win32
		{22332475-9866-6736-5377-472497913447}.Debug|Win32.Build.0 = Debug|Win32
		{22332475-9866-6736-5377-472497913447}.Release|Win32.ActiveCfg = Release|Win32
		{22332475-9866-6736-5377-472497913447}.Release|Win32.Build.0 = Release|Win32
		{22332475-9866-6736-5377-472497913447}.Unicode Debug|Win32.ActiveCfg = Unicode Debug|Win32
		{22332475-9866-6736-5377-472497913447}.Unicode Debug|Win32.Build.0 = Unicode Debug|Win32
		{22332475-9866-6736-5377-472497913447}.Unicode Release|Win32.ActiveCfg = Unicode Release|Win32
		{22332475-9866-6736-5377-472497913447}.Unicode Release|Win32.Build.0 = Unicode Release|Win32
		{87649771-7524-9432-3441-877234155286}.Debug|Win32.ActiveCfg = Debug|Win32
		{87649771-7524-9432-3441-877234155286}.Debug|Win32.Build.0 = Debug|Win32
		{87649771-7524-9432-3441-877234155286}.Release|Win32.ActiveCfg = Release|Win32
		{87649771-7524-9432-3441-877234155286}.Release|Win32.Build.0 = Release|Win32
		{87649771-7524-9432-3441-877234155286}.Unicode Debug|Win32.ActiveCfg = Unicode Debug|Win32
		{87649771-7524-9432-3441-877234155286}.Unicode Debug|Win32.Build.0 = Unicode Debug|Win32
		{87649771-7524-9432-3441-877234155286}.Unicode Release|Win32.ActiveCfg = Unicode Release|Win32
		{87649771-7524-9432-3441-877234155286}.Unicode Release|Win32.Build.0 = Unicode Release|Win32
		{74528849-4774-8621-2845-548832891744}.Debug|Win32.ActiveCfg = Debug|Win32
		{74528849-4774-8621-2845-548832891744}.Debug|Win32.Build.0 = Debug|Win32
		{74528849-4774-8621-2845-548832891744}.Release|Win32.ActiveCfg = Release|Win32
		{74528849-4774-8621-2845-548832891744}.Release|Win32.Build.0 = Release|Win32
		{74528849-4774-8621-2845-548832891744}.Unicode Debug|Win32.ActiveCfg = Unicode Debug|Win32
		{74528849-4774-8621-2845-548832891744}.Unicode Debug|Win32.Build.0 = Unicode Debug|Win32
		{74528849-4774-8621-2845-548832891744}.Unicode Release|Win32.ActiveCfg = Unicode Release|Win32
		{74528849-4774-8621-2845-548832891744}.Unicode Release|Win32.Build.0 = Unicode Release|Win32
		{84586791-9753-8629-3247-412595398428}.Debug|Win32.ActiveCfg = Debug|Win32
		{84586791-9753-8629-3247-412595398428}.Debug|Win32.Build.0 = Debug|Win32
		{84586791-9753-8629-3247-412595398428}.Release|Win32.ActiveCfg = Release|Win32
		{84586791-9753-8629-3247-412595398428}.Release|Win32.Build.0 = Release|Win32
		{84586791-9753-8629-3247-412595398428}.Unicode Debug|Win32.ActiveCfg = Unicode Debug|Win32
		{84586791-9753-8629-3247-412595398428}.Unicode Debug|Win32.Build.0 = Unicode Debug|Win32
		{84586791-9753-8629-3247-412595398428}.Unicode Release|Win32.ActiveCfg = Unicode Release|Win32
		{84586791-9753-8629-3247-412595398428}.Unicode Release|Win32.Build.0 = Unicode Release|Win32
		{18413545-7819-6713-9888-631458627567}.Debug|Win32.ActiveCfg = Debug|Win32
		{18413545-7819-6713-9888-631458627567}.Debug|Win32.Build.0 = Debug|Win32
		{18413545-7819-6713-9888-631458627567}.Release|Win32.ActiveCfg = Release|Win32
		{18413545-7819-6713-9888-631458627567}.Release|Win32.Build.0 = Release|Win32
		{18413545-7819-6713-9888-631458627567}.Unicode Debug|Win32.ActiveCfg = Unicode Debug|Win32
		{18413545-7819-6713-9888-631458627567}.Unicode Debug|Win32.Build.0 = Unicode Debug|Win32
		{18413545-7819-6713-9888-631458627567}.Unicode Release|Win32.ActiveCfg = Unicode Release|Win32
		{18413545-7819-6713-9888-631458627567}.Unicode Release|Win32.Build.0 = Unicode Release|Win32
	EndGlobalSection
	GlobalSection(SolutionProperties) = preSolution
		HideSolutionNode = FALSE
	EndGlobalSection
EndGlobal
