Microsoft Visual Studio Solution File, Format Version 10.00
# Visual Studio 2008
Project("{8BC9CEB8-8B4A-11D0-8D11-00A0C91BC942}") = "SkinControls", "..\..\Samples\SkinFramework\SkinControls\SkinControls_vc90.vcproj", "{47112185-1543-1392-8847-846777634228}"
EndProject
Project("{8BC9CEB8-8B4A-11D0-8D11-00A0C91BC942}") = "SkinMDISample", "..\..\Samples\SkinFramework\SkinMDISample\SkinMDISample_vc90.vcproj", "{65572814-7316-6194-9764-774358392575}"
EndProject
Project("{8BC9CEB8-8B4A-11D0-8D11-00A0C91BC942}") = "SkinSDISample", "..\..\Samples\SkinFramework\SkinSDISample\SkinSDISample_vc90.vcproj", "{99498558-5462-4287-5415-992212621535}"
EndProject
