Microsoft Visual Studio Solution File, Format Version 10.00
# Visual Studio 2008
Project("{8BC9CEB8-8B4A-11D0-8D11-00A0C91BC942}") = "ActionsSample", "..\..\Samples\CommandBars\ActionsSample\ActionsSample_vc90.vcproj", "{22547314-2935-6497-3911-649517331988}"
EndProject
Project("{8BC9CEB8-8B4A-11D0-8D11-00A0C91BC942}") = "ActivePaneView", "..\..\Samples\DockingPane\ActivePaneView\ActivePaneView_vc90.vcproj", "{87945621-8683-9183-1174-145343463847}"
EndProject
Project("{8BC9CEB8-8B4A-11D0-8D11-00A0C91BC942}") = "Advanced", "..\..\Samples\ToolkitPro\Advanced\Advanced_vc90.vcproj", "{59698931-6744-7281-4971-731342357389}"
EndProject
Project("{8BC9CEB8-8B4A-11D0-8D11-00A0C91BC942}") = "Animation", "..\..\Samples\Controls\Animation\Animation_vc90.vcproj", "{77168761-4597-2973-5888-767923824646}"
EndProject
Project("{8BC9CEB8-8B4A-11D0-8D11-00A0C91BC942}") = "BindSample", "..\..\Samples\PropertyGrid\BindSample\BindSample_vc90.vcproj", "{12985495-2653-1175-1538-986876244786}"
EndProject
Project("{8BC9CEB8-8B4A-11D0-8D11-00A0C91BC942}") = "BrowseDialog", "..\..\Samples\Controls\BrowseDialog\BrowseDialog_vc90.vcproj", "{67383811-8321-4762-8612-481512376545}"
EndProject
Project("{8BC9CEB8-8B4A-11D0-8D11-00A0C91BC942}") = "BrowseEdit", "..\..\Samples\Controls\BrowseEdit\BrowseEdit_vc90.vcproj", "{39146222-6463-2858-2618-177519251987}"
EndProject
Project("{8BC9CEB8-8B4A-11D0-8D11-00A0C91BC942}") = "Button", "..\..\Samples\Controls\Button\Button_vc90.vcproj", "{34371214-4926-4558-6937-138599857337}"
EndProject
Project("{8BC9CEB8-8B4A-11D0-8D11-00A0C91BC942}") = "CalendarDemo", "..\..\Samples\Calendar\CalendarDemo\CalendarDemo_vc90.vcproj", "{74829737-9597-9941-9652-269136968711}"
EndProject
Project("{8BC9CEB8-8B4A-11D0-8D11-00A0C91BC942}") = "CaptionBar", "..\..\Samples\Controls\CaptionBar\CaptionBar_vc90.vcproj", "{16192486-7156-1544-1226-688261239454}"
EndProject
Project("{8BC9CEB8-8B4A-11D0-8D11-00A0C91BC942}") = "ChartBrowser", "..\..\Samples\Chart\ChartBrowser\ChartBrowser_vc90.vcproj", "{93971554-5317-1734-9722-359869984912}"
EndProject
Project("{8BC9CEB8-8B4A-11D0-8D11-00A0C91BC942}") = "ChartDialog", "..\..\Samples\Chart\ChartDialog\ChartDialog_vc90.vcproj", "{96226536-3961-3423-4141-312751672353}"
EndProject
Project("{8BC9CEB8-8B4A-11D0-8D11-00A0C91BC942}") = "CheckListBox", "..\..\Samples\Controls\CheckListBox\CheckListBox_vc90.vcproj", "{54267927-9225-3628-7379-416394971418}"
EndProject
Project("{8BC9CEB8-8B4A-11D0-8D11-00A0C91BC942}") = "ColorPicker", "..\..\Samples\Controls\ColorPicker\ColorPicker_vc90.vcproj", "{86449676-7775-5213-8854-935439133152}"
EndProject
Project("{8BC9CEB8-8B4A-11D0-8D11-00A0C91BC942}") = "CommandBarControls", "..\..\Samples\CommandBars\CommandBarControls\CommandBarControls_vc90.vcproj", "{83338644-5935-4412-7359-686147887719}"
EndProject
Project("{8BC9CEB8-8B4A-11D0-8D11-00A0C91BC942}") = "CommandBarIcons", "..\..\Samples\CommandBars\CommandBarIcons\CommandBarIcons_vc90.vcproj", "{76664726-3588-7992-2678-648928584959}"
EndProject
Project("{8BC9CEB8-8B4A-11D0-8D11-00A0C91BC942}") = "CommandBarsDesigner", "..\..\Samples\Utilities\CommandBarsDesigner\CommandBarsDesigner_vc90.vcproj", "{11489461-9745-5295-8329-777872894919}"
EndProject
Project("{8BC9CEB8-8B4A-11D0-8D11-00A0C91BC942}") = "CommonControls", "..\..\Samples\CommandBars\CommonControls\CommonControls_vc90.vcproj", "{76887766-7493-8881-6483-362617946858}"
EndProject
Project("{8BC9CEB8-8B4A-11D0-8D11-00A0C91BC942}") = "Controls", "..\..\Samples\Controls\Controls\Controls_vc90.vcproj", "{63776834-5563-7179-5877-933316881416}"
EndProject
Project("{8BC9CEB8-8B4A-11D0-8D11-00A0C91BC942}") = "CustomThemes", "..\..\Samples\CommandBars\CustomThemes\CustomThemes_vc90.vcproj", "{66912817-2216-1679-9296-885286587657}"
EndProject
Project("{8BC9CEB8-8B4A-11D0-8D11-00A0C91BC942}") = "CustomizeDlg", "..\..\Samples\CommandBars\CustomizeDlg\CustomizeDlg_vc90.vcproj", "{91837551-9363-8763-6947-124149817717}"
EndProject
Project("{8BC9CEB8-8B4A-11D0-8D11-00A0C91BC942}") = "DatePickerDemo", "..\..\Samples\Calendar\DatePickerDemo\DatePickerDemo_vc90.vcproj", "{56235957-7931-3569-4121-518875949556}"
EndProject
Project("{8BC9CEB8-8B4A-11D0-8D11-00A0C91BC942}") = "DesignerSample", "..\..\Samples\CommandBars\DesignerSample\DesignerSample_vc90.vcproj", "{43124125-4281-2658-4515-379574794114}"
EndProject
Project("{8BC9CEB8-8B4A-11D0-8D11-00A0C91BC942}") = "DialogPanes", "..\..\Samples\DockingPane\DialogPanes\DialogPanes_vc90.vcproj", "{46459197-2845-4358-8834-232555491354}"
EndProject
Project("{8BC9CEB8-8B4A-11D0-8D11-00A0C91BC942}") = "DialogSample", "..\..\Samples\CommandBars\DialogSample\DialogSample_vc90.vcproj", "{71275742-9991-3442-4575-451317711414}"
EndProject
Project("{8BC9CEB8-8B4A-11D0-8D11-00A0C91BC942}") = "DockingContainers", "..\..\Samples\DockingPane\DockingContainers\DockingContainers_vc90.vcproj", "{47573147-7658-6147-2648-855144843253}"
EndProject
Project("{8BC9CEB8-8B4A-11D0-8D11-00A0C91BC942}") = "DrawCli", "..\..\Samples\PropertyGrid\DrawClient\drawcli_vc90.vcproj", "{33563215-4819-5336-2144-526742797711}"
EndProject
Project("{8BC9CEB8-8B4A-11D0-8D11-00A0C91BC942}") = "DynamicPanes", "..\..\Samples\DockingPane\DynamicPanes\DynamicPanes_vc90.vcproj", "{37797287-2463-8926-6463-578723394152}"
EndProject
Project("{8BC9CEB8-8B4A-11D0-8D11-00A0C91BC942}") = "DynamicPopups", "..\..\Samples\CommandBars\DynamicPopups\DynamicPopups_vc90.vcproj", "{52623932-9628-6129-2114-797576724112}"
EndProject
Project("{8BC9CEB8-8B4A-11D0-8D11-00A0C91BC942}") = "EditListBox", "..\..\Samples\Controls\EditListBox\EditListBox_vc90.vcproj", "{27921348-7377-1715-9276-292312855851}"
EndProject
Project("{8BC9CEB8-8B4A-11D0-8D11-00A0C91BC942}") = "ExcelTabDlg", "..\..\Samples\Controls\ExcelTabDlg\ExcelTabDlg_vc90.vcproj", "{29533385-2852-6394-6745-775793492842}"
EndProject
Project("{8BC9CEB8-8B4A-11D0-8D11-00A0C91BC942}") = "ExcelTabView", "..\..\Samples\Controls\ExcelTabView\ExcelTabView_vc90.vcproj", "{23878367-9416-8894-1164-737674198283}"
EndProject
Project("{8BC9CEB8-8B4A-11D0-8D11-00A0C91BC942}") = "FlatCombo", "..\..\Samples\Controls\FlatCombo\FlatCombo_vc90.vcproj", "{58684912-7662-7186-7725-955537428242}"
EndProject
Project("{8BC9CEB8-8B4A-11D0-8D11-00A0C91BC942}") = "FlatHeader", "..\..\Samples\Controls\FlatHeader\FlatHeader_vc90.vcproj", "{14192417-4329-1783-5887-451363559981}"
EndProject
Project("{8BC9CEB8-8B4A-11D0-8D11-00A0C91BC942}") = "FlowGraphSample", "..\..\Samples\FlowGraph\FlowGraphSample\FlowGraphSample_vc90.vcproj", "{91971475-2471-9972-4373-122961415648}"
EndProject
Project("{8BC9CEB8-8B4A-11D0-8D11-00A0C91BC942}") = "FontCombo", "..\..\Samples\Controls\FontCombo\FontCombo_vc90.vcproj", "{94226557-9134-3572-8692-174842912889}"
EndProject
Project("{8BC9CEB8-8B4A-11D0-8D11-00A0C91BC942}") = "GUI_Eclipse", "..\..\Samples\UserInterface\GUI_Eclipse\GUI_Eclipse_vc90.vcproj", "{38142292-7289-1665-5343-392795321849}"
EndProject
Project("{8BC9CEB8-8B4A-11D0-8D11-00A0C91BC942}") = "GUI_Explorer", "..\..\Samples\UserInterface\GUI_Explorer\GUI_Explorer_vc90.vcproj", "{94449598-4848-4361-3426-797531453788}"
EndProject
Project("{8BC9CEB8-8B4A-11D0-8D11-00A0C91BC942}") = "GUI_Gnome", "..\..\Samples\UserInterface\GUI_Gnome\GUI_Gnome_vc90.vcproj", "{81338666-2118-4551-2811-458239317346}"
EndProject
Project("{8BC9CEB8-8B4A-11D0-8D11-00A0C91BC942}") = "GUI_MsMoney", "..\..\Samples\UserInterface\GUI_MsMoney\GUI_MsMoney_vc90.vcproj", "{84664648-9752-6241-6239-319129915587}"
EndProject
Project("{8BC9CEB8-8B4A-11D0-8D11-00A0C91BC942}") = "GUI_OneNote", "..\..\Samples\UserInterface\GUI_OneNote\GUI_OneNote_vc90.vcproj", "{18489383-7827-5343-3971-548973334546}"
EndProject
Project("{8BC9CEB8-8B4A-11D0-8D11-00A0C91BC942}") = "GUI_Outlook", "..\..\Samples\UserInterface\GUI_Outlook\GUI_Outlook_vc90.vcproj", "{74887788-4576-8939-1944-933799466485}"
EndProject
Project("{8BC9CEB8-8B4A-11D0-8D11-00A0C91BC942}") = "GUI_VisualStudio", "..\..\Samples\UserInterface\GUI_VisualStudio\GUI_VisualStudio_vc90.vcproj", "{61776756-2736-7238-9548-795497221943}"
EndProject
Project("{8BC9CEB8-8B4A-11D0-8D11-00A0C91BC942}") = "GUI_WinZip", "..\..\Samples\UserInterface\GUI_WinZip\GUI_WinZip_vc90.vcproj", "{64912838-9389-1728-4867-656488827284}"
EndProject
Project("{8BC9CEB8-8B4A-11D0-8D11-00A0C91BC942}") = "GallerySample", "..\..\Samples\CommandBars\GallerySample\GallerySample_vc90.vcproj", "{98837573-7546-8922-1518-885242237344}"
EndProject
Project("{8BC9CEB8-8B4A-11D0-8D11-00A0C91BC942}") = "Grep", "..\..\Samples\Utilities\Grep\Grep_vc90.vcproj", "{54235878-4294-2617-8672-379967369183}"
EndProject
Project("{8BC9CEB8-8B4A-11D0-8D11-00A0C91BC942}") = "HelpContext", "..\..\Samples\CommandBars\HelpContext\HelpContext_vc90.vcproj", "{51125946-2354-2897-7177-941676224641}"
EndProject
Project("{8BC9CEB8-8B4A-11D0-8D11-00A0C91BC942}") = "HexEdit", "..\..\Samples\Controls\HexEdit\HexEdit_vc90.vcproj", "{54459929-9918-4496-2496-993656721982}"
EndProject
Project("{8BC9CEB8-8B4A-11D0-8D11-00A0C91BC942}") = "HyperLink", "..\..\Samples\Controls\HyperLink\HyperLink_vc90.vcproj", "{78276663-7164-3589-8146-222419241942}"
EndProject
Project("{8BC9CEB8-8B4A-11D0-8D11-00A0C91BC942}") = "IntelligentMenus", "..\..\Samples\CommandBars\IntelligentMenus\IntelligentMenus_vc90.vcproj", "{25946147-9396-6658-4876-619599235688}"
EndProject
Project("{8BC9CEB8-8B4A-11D0-8D11-00A0C91BC942}") = "ListBoxSample", "..\..\Samples\CommandBars\ListBoxSample\ListBoxSample_vc90.vcproj", "{87699458-7457-4755-7873-495517119139}"
EndProject
Project("{8BC9CEB8-8B4A-11D0-8D11-00A0C91BC942}") = "ListCtrl", "..\..\Samples\Controls\ListCtrl\ListCtrl_vc90.vcproj", "{25169287-4119-8447-8699-333288676486}"
EndProject
Project("{8BC9CEB8-8B4A-11D0-8D11-00A0C91BC942}") = "MDIMenus", "..\..\Samples\CommandBars\MDIMenus\MDIMenus_vc90.vcproj", "{49986822-2266-6541-4441-551942196536}"
EndProject
Project("{8BC9CEB8-8B4A-11D0-8D11-00A0C91BC942}") = "MDIPanes", "..\..\Samples\DockingPane\MDIPanes\MDIPanes_vc90.vcproj", "{15384338-9824-9237-2514-956767238385}"
EndProject
Project("{8BC9CEB8-8B4A-11D0-8D11-00A0C91BC942}") = "MDITabWindow", "..\..\Samples\ToolkitPro\MDITabWindow\MDITabWindow_vc90.vcproj", "{77147648-7976-7334-5411-742775113737}"
EndProject
Project("{8BC9CEB8-8B4A-11D0-8D11-00A0C91BC942}") = "MDITabWindows", "..\..\Samples\Controls\MDITabWindows\MDITabWindows_vc90.vcproj", "{95517378-4738-2126-6327-679456689284}"
EndProject
Project("{8BC9CEB8-8B4A-11D0-8D11-00A0C91BC942}") = "MDITextEditor", "..\..\Samples\SyntaxEdit\MDITextEditor\MDITextEditor_vc90.vcproj", "{39334123-2884-1229-2978-897219999234}"
EndProject
Project("{8BC9CEB8-8B4A-11D0-8D11-00A0C91BC942}") = "MSDI", "..\..\Samples\CommandBars\MSDI\MSDI_vc90.vcproj", "{85732428-9542-4815-9142-393936131983}"
EndProject
Project("{8BC9CEB8-8B4A-11D0-8D11-00A0C91BC942}") = "MarkupPad", "..\..\Samples\Utilities\MarkupPad\MarkupPad_vc90.vcproj", "{58485749-7694-2992-3148-978944925534}"
EndProject
Project("{8BC9CEB8-8B4A-11D0-8D11-00A0C91BC942}") = "MarkupSample", "..\..\Samples\ToolkitPro\MarkupSample\MarkupSample_vc90.vcproj", "{75855568-4356-6694-4856-926625583881}"
EndProject
Project("{8BC9CEB8-8B4A-11D0-8D11-00A0C91BC942}") = "MarqueeProgress", "..\..\Samples\Controls\MarqueeProgress\MarqueeProgress_vc90.vcproj", "{11772213-2512-4887-1696-244478812841}"
EndProject
Project("{8BC9CEB8-8B4A-11D0-8D11-00A0C91BC942}") = "MaskEdit", "..\..\Samples\Controls\MaskEdit\MaskEdit_vc90.vcproj", "{76179618-9271-7584-8679-639214944789}"
EndProject
Project("{8BC9CEB8-8B4A-11D0-8D11-00A0C91BC942}") = "MultiLanguage", "..\..\Samples\ToolkitPro\MultiLanguage\MultiLanguage_vc90.vcproj", "{48833939-7322-5671-1666-325212828232}"
EndProject
Project("{8BC9CEB8-8B4A-11D0-8D11-00A0C91BC942}") = "Notifications", "..\..\Samples\CommandBars\Notifications\Notifications_vc90.vcproj", "{66393659-4984-9373-2584-353883586588}"
EndProject
Project("{8BC9CEB8-8B4A-11D0-8D11-00A0C91BC942}") = "OwnerDraw", "..\..\Samples\PropertyGrid\OwnerDraw\OwnerDraw_vc90.vcproj", "{73617535-9456-3763-8719-427738636866}"
EndProject
Project("{8BC9CEB8-8B4A-11D0-8D11-00A0C91BC942}") = "Pane", "..\..\Samples\DockingPane\PaneSample\Pane_vc90.vcproj", "{38925931-7114-6458-6783-812564768715}"
EndProject
Project("{8BC9CEB8-8B4A-11D0-8D11-00A0C91BC942}") = "PaneActions", "..\..\Samples\DockingPane\PaneActions\PaneActions_vc90.vcproj", "{91768352-5266-4555-8789-597562643256}"
EndProject
Project("{8BC9CEB8-8B4A-11D0-8D11-00A0C91BC942}") = "PaneOptions", "..\..\Samples\ToolkitPro\PaneOptions\PaneOptions_vc90.vcproj", "{38248172-2828-8247-9696-535143329513}"
EndProject
Project("{8BC9CEB8-8B4A-11D0-8D11-00A0C91BC942}") = "PopupControl", "..\..\Samples\Controls\PopupControl\PopupControl_vc90.vcproj", "{53955725-9174-6441-6347-764996639663}"
EndProject
Project("{8BC9CEB8-8B4A-11D0-8D11-00A0C91BC942}") = "PrintPreview", "..\..\Samples\ToolkitPro\PrintPreview\PrintPreview_vc90.vcproj", "{28463122-7733-1136-4411-258732772412}"
EndProject
Project("{8BC9CEB8-8B4A-11D0-8D11-00A0C91BC942}") = "PropertyGrid", "..\..\Samples\PropertyGrid\GridSample\PropertyGrid_vc90.vcproj", "{81126442-5784-7134-6317-844731656854}"
EndProject
Project("{8BC9CEB8-8B4A-11D0-8D11-00A0C91BC942}") = "PropertySheet", "..\..\Samples\Controls\PropertySheet\PropertySheet_vc90.vcproj", "{84451525-3447-1724-1636-896621253215}"
EndProject
Project("{8BC9CEB8-8B4A-11D0-8D11-00A0C91BC942}") = "ReBarSample", "..\..\Samples\CommandBars\ReBarSample\ReBarSample_vc90.vcproj", "{43413816-9613-1918-4875-991265543361}"
EndProject
Project("{8BC9CEB8-8B4A-11D0-8D11-00A0C91BC942}") = "ReportAddRecordEx", "..\..\Samples\ReportControl\ReportAddRecordEx\ReportAddRecordEx_vc90.vcproj", "{75574575-7252-3513-5451-529399794913}"
EndProject
Project("{8BC9CEB8-8B4A-11D0-8D11-00A0C91BC942}") = "ReportCustomHeap", "..\..\Samples\ReportControl\ReportCustomHeap\ReportCustomHeap_vc90.vcproj", "{61564633-5412-2792-5945-281918559551}"
EndProject
Project("{8BC9CEB8-8B4A-11D0-8D11-00A0C91BC942}") = "ReportDataBinding", "..\..\Samples\ReportControl\ReportDataBinding\ReportDataBinding_vc90.vcproj", "{65798625-3166-4492-9364-243888256812}"
EndProject
Project("{8BC9CEB8-8B4A-11D0-8D11-00A0C91BC942}") = "ReportDialog", "..\..\Samples\ReportControl\ReportDialog\ReportDialog_vc90.vcproj", "{23751196-9331-4687-2514-347443546967}"
EndProject
Project("{8BC9CEB8-8B4A-11D0-8D11-00A0C91BC942}") = "ReportItemControls", "..\..\Samples\ReportControl\ReportItemControls\ReportItemControls_vc90.vcproj", "{55923765-7879-6281-3188-766578617611}"
EndProject
Project("{8BC9CEB8-8B4A-11D0-8D11-00A0C91BC942}") = "ReportSample", "..\..\Samples\ReportControl\ReportSample\ReportSample_vc90.vcproj", "{52812723-5141-5471-3574-537276562368}"
EndProject
Project("{8BC9CEB8-8B4A-11D0-8D11-00A0C91BC942}") = "ResourceEditor", "..\..\Samples\Utilities\ResourceEditor\ResourceEditor_vc90.vcproj", "{85995432-9227-6562-1464-377531831148}"
EndProject
Project("{8BC9CEB8-8B4A-11D0-8D11-00A0C91BC942}") = "RibbonMDISample", "..\..\Samples\Ribbon\RibbonMDISample\RibbonMDISample_vc90.vcproj", "{19822276-6374-5664-6115-595484251198}"
EndProject
Project("{8BC9CEB8-8B4A-11D0-8D11-00A0C91BC942}") = "RibbonSample", "..\..\Samples\Ribbon\RibbonSample\RibbonSample_vc90.vcproj", "{75228572-4932-8351-4287-991229383847}"
EndProject
Project("{8BC9CEB8-8B4A-11D0-8D11-00A0C91BC942}") = "Scribble", "..\..\Samples\CommandBars\ScribbleMultiLang\scribble_vc90.vcproj", "{62118649-2282-7549-4673-662828147595}"
EndProject
Project("{8BC9CEB8-8B4A-11D0-8D11-00A0C91BC942}") = "SearchOptions", "..\..\Samples\Controls\SearchOptions\SearchOptions_vc90.vcproj", "{65443622-9746-1149-8992-624718734746}"
EndProject
Project("{8BC9CEB8-8B4A-11D0-8D11-00A0C91BC942}") = "ShortcutBar", "..\..\Samples\ShortcutBar\ShortcutBar\ShortcutBar_vc90.vcproj", "{99269366-6992-8333-5643-842662153795}"
EndProject
Project("{8BC9CEB8-8B4A-11D0-8D11-00A0C91BC942}") = "SimpleChart", "..\..\Samples\Chart\SimpleChart\SimpleChart_vc90.vcproj", "{55667763-4659-2938-3716-347487285644}"
EndProject
Project("{8BC9CEB8-8B4A-11D0-8D11-00A0C91BC942}") = "SkinControls", "..\..\Samples\SkinFramework\SkinControls\SkinControls_vc90.vcproj", "{52556731-2719-2128-2211-998186141292}"
EndProject
Project("{8BC9CEB8-8B4A-11D0-8D11-00A0C91BC942}") = "SkinMDISample", "..\..\Samples\SkinFramework\SkinMDISample\SkinMDISample_vc90.vcproj", "{46791813-9464-4727-6539-951976747443}"
EndProject
Project("{8BC9CEB8-8B4A-11D0-8D11-00A0C91BC942}") = "SkinSDISample", "..\..\Samples\SkinFramework\SkinSDISample\SkinSDISample_vc90.vcproj", "{71617557-6529-3811-3371-288839156493}"
EndProject
Project("{8BC9CEB8-8B4A-11D0-8D11-00A0C91BC942}") = "SmartLayout", "..\..\Samples\CommandBars\SmartLayout\SmartLayout_vc90.vcproj", "{46925853-4277-6517-1444-674656298342}"
EndProject
Project("{8BC9CEB8-8B4A-11D0-8D11-00A0C91BC942}") = "SplitterWindow", "..\..\Samples\Controls\SplitterWindow\SplitterWindow_vc90.vcproj", "{33894921-2448-5796-9838-345364943899}"
EndProject
Project("{8BC9CEB8-8B4A-11D0-8D11-00A0C91BC942}") = "StatusBar", "..\..\Samples\CommandBars\StatusBar\StatusBar_vc90.vcproj", "{18636245-7318-3683-4643-233337461478}"
EndProject
Project("{8BC9CEB8-8B4A-11D0-8D11-00A0C91BC942}") = "StockSample", "..\..\Samples\Chart\StockSample\StockSample_vc90.vcproj", "{43552879-5564-1786-1484-462289881527}"
EndProject
Project("{8BC9CEB8-8B4A-11D0-8D11-00A0C91BC942}") = "StylerBrowser", "..\..\Samples\Utilities\StylerBrowser\StylerBrowser_vc90.vcproj", "{98859385-2222-5472-8556-856826923376}"
EndProject
Project("{8BC9CEB8-8B4A-11D0-8D11-00A0C91BC942}") = "TabCtrl", "..\..\Samples\Controls\TabCtrl\TabCtrl_vc90.vcproj", "{95748343-9373-4661-7952-527624777824}"
EndProject
Project("{8BC9CEB8-8B4A-11D0-8D11-00A0C91BC942}") = "TabManager", "..\..\Samples\ToolkitPro\TabManager\TabManager_vc90.vcproj", "{98174335-7936-6361-3371-579595474175}"
EndProject
Project("{8BC9CEB8-8B4A-11D0-8D11-00A0C91BC942}") = "TabbedToolbar", "..\..\Samples\CommandBars\TabbedToolbar\TabbedToolbar_vc90.vcproj", "{23899169-4182-5454-8922-718458784225}"
EndProject
Project("{8BC9CEB8-8B4A-11D0-8D11-00A0C91BC942}") = "TabbedView", "..\..\Samples\ToolkitPro\TabbedView\TabbedView_vc90.vcproj", "{88397475-2741-8151-6185-293284836974}"
EndProject
Project("{8BC9CEB8-8B4A-11D0-8D11-00A0C91BC942}") = "TaskPanel", "..\..\Samples\TaskPanel\TaskPanel\TaskPanel_vc90.vcproj", "{75286543-9991-7349-6579-864883771522}"
EndProject
Project("{8BC9CEB8-8B4A-11D0-8D11-00A0C91BC942}") = "TearOffPopups", "..\..\Samples\CommandBars\TearOffPopups\TearOffPopups_vc90.vcproj", "{35641153-6939-5356-3777-533675898957}"
EndProject
Project("{8BC9CEB8-8B4A-11D0-8D11-00A0C91BC942}") = "TipOfTheDay", "..\..\Samples\Controls\TipOfTheDay\TipOfTheDay_vc90.vcproj", "{69567797-4185-3559-8428-762438317997}"
EndProject
Project("{8BC9CEB8-8B4A-11D0-8D11-00A0C91BC942}") = "TipWindow", "..\..\Samples\Controls\TipWindow\TipWindow_vc90.vcproj", "{25865293-1743-7246-6581-256254349756}"
EndProject
Project("{8BC9CEB8-8B4A-11D0-8D11-00A0C91BC942}") = "ToolBox", "..\..\Samples\TaskPanel\ToolBox\ToolBox_vc90.vcproj", "{22754261-8993-6445-6986-827863294394}"
EndProject
Project("{8BC9CEB8-8B4A-11D0-8D11-00A0C91BC942}") = "ToolTipContext", "..\..\Samples\CommandBars\ToolTipContext\ToolTipContext_vc90.vcproj", "{25188243-6657-8935-1315-879843892655}"
EndProject
Project("{8BC9CEB8-8B4A-11D0-8D11-00A0C91BC942}") = "TrackControl", "..\..\Samples\ReportControl\TrackControl\TrackControl_vc90.vcproj", "{49815987-3713-7138-6156-198696221695}"
EndProject
Project("{8BC9CEB8-8B4A-11D0-8D11-00A0C91BC942}") = "TrayIconDemo", "..\..\Samples\Controls\TrayIcon\TrayIconDemo_vc90.vcproj", "{15213383-1461-1824-4129-593422353453}"
EndProject
Project("{8BC9CEB8-8B4A-11D0-8D11-00A0C91BC942}") = "TrayIconDlg", "..\..\Samples\Controls\TrayIconDlg\TrayIconDlg_vc90.vcproj", "{92292452-8622-9913-4624-264131117191}"
EndProject
Project("{8BC9CEB8-8B4A-11D0-8D11-00A0C91BC942}") = "TreeCtrl", "..\..\Samples\Controls\TreeCtrl\TreeCtrl_vc90.vcproj", "{95436434-6275-3613-8943-226111714352}"
EndProject
Project("{8BC9CEB8-8B4A-11D0-8D11-00A0C91BC942}") = "VirtualList", "..\..\Samples\ReportControl\VirtualList\VirtualList_vc90.vcproj", "{61112794-9855-9297-8255-232347895842}"
EndProject
Project("{8BC9CEB8-8B4A-11D0-8D11-00A0C91BC942}") = "VistaTaskDialog", "..\..\Samples\Controls\VistaTaskDialog\VistaTaskDialog_vc90.vcproj", "{26529211-7513-3884-6228-637174937689}"
EndProject
Project("{8BC9CEB8-8B4A-11D0-8D11-00A0C91BC942}") = "WinExplorer", "..\..\Samples\Controls\WinExplorer\WinExplorer_vc90.vcproj", "{23498278-5773-2183-5724-498772783347}"
EndProject
Project("{8BC9CEB8-8B4A-11D0-8D11-00A0C91BC942}") = "WindowPos", "..\..\Samples\Controls\WindowPos\WindowPos_vc90.vcproj", "{16643251-3337-5773-9143-351763479588}"
EndProject
Project("{8BC9CEB8-8B4A-11D0-8D11-00A0C91BC942}") = "WordPad", "..\..\Samples\UserInterface\GUI_Office11\wordpad_vc90.vcproj", "{41569995-9583-3876-6783-578516798548}"
EndProject
