<?xml version="1.0" encoding="utf-8"?>
<Project ToolsVersion="4.0" xmlns="http://schemas.microsoft.com/developer/msbuild/2003">
  <ItemGroup>
    <Filter Include="Source Files">
      <UniqueIdentifier>{4FC737F1-C7A5-4376-A066-2A32D752A2FF}</UniqueIdentifier>
      <Extensions>cpp;c;cc;cxx;def;odl;idl;hpj;bat;asm;asmx</Extensions>
    </Filter>
    <Filter Include="Header Files">
      <UniqueIdentifier>{93995380-89BD-4b04-88EB-625FBE52EBFB}</UniqueIdentifier>
      <Extensions>h;hh;hpp;hxx;hm;inl;inc;ipp;xsd</Extensions>
    </Filter>
    <Filter Include="Resource Files">
      <UniqueIdentifier>{67DA6AB6-F800-4c08-8B7A-83BB121AAD01}</UniqueIdentifier>
      <Extensions>rc;ico;cur;bmp;dlg;rc2;rct;bin;rgs;gif;jpg;jpeg;jpe;resx;tiff;tif;png;wav;mfcribbon-ms</Extensions>
    </Filter>
    <Filter Include="dll_export">
      <UniqueIdentifier>{2608e84d-8fd1-49de-b67f-63b35f8d7b51}</UniqueIdentifier>
    </Filter>
    <Filter Include="terminal">
      <UniqueIdentifier>{f20739a8-2deb-4f8f-8f3e-c74e5417d5bb}</UniqueIdentifier>
    </Filter>
    <Filter Include="controls">
      <UniqueIdentifier>{c070b25d-73bd-4497-bb0c-fb79004542df}</UniqueIdentifier>
    </Filter>
  </ItemGroup>
  <ItemGroup>
    <ClCompile Include="stdafx.cpp">
      <Filter>Source Files</Filter>
    </ClCompile>
    <ClCompile Include="lw_ui_lib.cpp">
      <Filter>dll_export</Filter>
    </ClCompile>
    <ClCompile Include="terminal\Terminal.cpp">
      <Filter>terminal</Filter>
    </ClCompile>
    <ClCompile Include="terminal\TerminalPaintManager.cpp">
      <Filter>terminal</Filter>
    </ClCompile>
    <ClCompile Include="cstring_convert.cpp">
      <Filter>Source Files</Filter>
    </ClCompile>
    <ClCompile Include="DrawTextProcessor.cpp">
      <Filter>Source Files</Filter>
    </ClCompile>
    <ClCompile Include="Clipboard.cpp">
      <Filter>Source Files</Filter>
    </ClCompile>
    <ClCompile Include="FontDC.cpp">
      <Filter>Source Files</Filter>
    </ClCompile>
    <ClCompile Include="controls\DragTabCtrl.cpp">
      <Filter>controls</Filter>
    </ClCompile>
  </ItemGroup>
  <ItemGroup>
    <None Include="res\lw_ui_lib.rc2">
      <Filter>Resource Files</Filter>
    </None>
    <None Include="lw_ui_lib.def">
      <Filter>dll_export</Filter>
    </None>
  </ItemGroup>
  <ItemGroup>
    <ClInclude Include="stdafx.h">
      <Filter>Header Files</Filter>
    </ClInclude>
    <ClInclude Include="targetver.h">
      <Filter>Header Files</Filter>
    </ClInclude>
    <ClInclude Include="Resource.h">
      <Filter>Header Files</Filter>
    </ClInclude>
    <ClInclude Include="lw_ui_lib.h">
      <Filter>dll_export</Filter>
    </ClInclude>
    <ClInclude Include="terminal\Terminal.h">
      <Filter>terminal</Filter>
    </ClInclude>
    <ClInclude Include="terminal\TerminalPaintManager.h">
      <Filter>terminal</Filter>
    </ClInclude>
    <ClInclude Include="cstring_convert.h">
      <Filter>Header Files</Filter>
    </ClInclude>
    <ClInclude Include="DrawTextProcessor.h">
      <Filter>Header Files</Filter>
    </ClInclude>
    <ClInclude Include="Clipboard.h">
      <Filter>Header Files</Filter>
    </ClInclude>
    <ClInclude Include="FontDC.h">
      <Filter>Header Files</Filter>
    </ClInclude>
    <ClInclude Include="controls\DragTabCtrl.h">
      <Filter>controls</Filter>
    </ClInclude>
  </ItemGroup>
  <ItemGroup>
    <ResourceCompile Include="lw_ui_lib.rc">
      <Filter>Resource Files</Filter>
    </ResourceCompile>
  </ItemGroup>
</Project>