Microsoft Visual Studio Solution File, Format Version 10.00
# Visual Studio 2008
Project("{8BC9CEB8-8B4A-11D0-8D11-00A0C91BC942}") = "ReportAddRecordEx", "ReportAddRecordEx\ReportAddRecordEx_vc90.vcproj", "{58133279-1648-7135-6617-455445864236}"
EndProject
Project("{8BC9CEB8-8B4A-11D0-8D11-00A0C91BC942}") = "CustomDrawReport", "ReportCustomDraw\CustomDrawReport_vc90.vcproj", "{3B0095DF-2969-42D9-9CB4-9476D94D387E}"
EndProject
Project("{8BC9CEB8-8B4A-11D0-8D11-00A0C91BC942}") = "ReportCustomHeap", "ReportCustomHeap\ReportCustomHeap_vc90.vcproj", "{1CE73A7E-C0F8-4330-BC27-39A4C0432D7E}"
EndProject
Project("{8BC9CEB8-8B4A-11D0-8D11-00A0C91BC942}") = "ReportDataBinding", "ReportDataBinding\ReportDataBinding_vc90.vcproj", "{823E3D6A-FF72-4879-82EA-A2AD7F207BC0}"
EndProject
Project("{8BC9CEB8-8B4A-11D0-8D11-00A0C91BC942}") = "ReportDataBinding2", "ReportDataBinding2\ReportDataBinding2_vc90.vcproj", "{C8D983C3-2F4F-48DE-B219-66022725F31F}"
EndProject
Project("{8BC9CEB8-8B4A-11D0-8D11-00A0C91BC942}") = "ReportDialog", "ReportDialog\ReportDialog_vc90.vcproj", "{75878564-5983-7785-3897-633411312194}"
EndProject
Project("{8BC9CEB8-8B4A-11D0-8D11-00A0C91BC942}") = "ReportItemControls", "ReportItemControls\ReportItemControls_vc90.vcproj", "{8988E81C-A9F6-45A7-A15D-2FDD40D3942F}"
EndProject
Project("{8BC9CEB8-8B4A-11D0-8D11-00A0C91BC942}") = "ReportSample", "ReportSample\ReportSample_vc90.vcproj", "{02E8B3C3-D794-48D8-9454-30B9E500D293}"
EndProject
Project("{8BC9CEB8-8B4A-11D0-8D11-00A0C91BC942}") = "TrackControl", "TrackControl\TrackControl_vc90.vcproj", "{2B6FADF0-38E6-49DE-8FB1-C53947A6E719}"
EndProject
Project("{8BC9CEB8-8B4A-11D0-8D11-00A0C91BC942}") = "VirtualList", "VirtualList\VirtualList_vc90.vcproj", "{BF838DA7-52F2-42AD-95D0-1A2BE9CF682C}"
EndProject
Global
	GlobalSection(SolutionConfigurationPlatforms) = preSolution
		Debug|Win32 = Debug|Win32
		Debug|x64 = Debug|x64
		Release|Win32 = Release|Win32
		Release|x64 = Release|x64
		Unicode Debug|Win32 = Unicode Debug|Win32
		Unicode Debug|x64 = Unicode Debug|x64
		Unicode Release|Win32 = Unicode Release|Win32
		Unicode Release|x64 = Unicode Release|x64
	EndGlobalSection
	GlobalSection(ProjectConfigurationPlatforms) = postSolution
		{58133279-1648-7135-6617-455445864236}.Debug|Win32.ActiveCfg = Debug|Win32
		{58133279-1648-7135-6617-455445864236}.Debug|Win32.Build.0 = Debug|Win32
		{58133279-1648-7135-6617-455445864236}.Debug|x64.ActiveCfg = Debug|x64
		{58133279-1648-7135-6617-455445864236}.Debug|x64.Build.0 = Debug|x64
		{58133279-1648-7135-6617-455445864236}.Release|Win32.ActiveCfg = Release|Win32
		{58133279-1648-7135-6617-455445864236}.Release|Win32.Build.0 = Release|Win32
		{58133279-1648-7135-6617-455445864236}.Release|x64.ActiveCfg = Release|x64
		{58133279-1648-7135-6617-455445864236}.Release|x64.Build.0 = Release|x64
		{58133279-1648-7135-6617-455445864236}.Unicode Debug|Win32.ActiveCfg = Unicode Debug|Win32
		{58133279-1648-7135-6617-455445864236}.Unicode Debug|Win32.Build.0 = Unicode Debug|Win32
		{58133279-1648-7135-6617-455445864236}.Unicode Debug|x64.ActiveCfg = Unicode Debug|x64
		{58133279-1648-7135-6617-455445864236}.Unicode Debug|x64.Build.0 = Unicode Debug|x64
		{58133279-1648-7135-6617-455445864236}.Unicode Release|Win32.ActiveCfg = Unicode Release|Win32
		{58133279-1648-7135-6617-455445864236}.Unicode Release|Win32.Build.0 = Unicode Release|Win32
		{58133279-1648-7135-6617-455445864236}.Unicode Release|x64.ActiveCfg = Unicode Release|x64
		{58133279-1648-7135-6617-455445864236}.Unicode Release|x64.Build.0 = Unicode Release|x64
		{3B0095DF-2969-42D9-9CB4-9476D94D387E}.Debug|Win32.ActiveCfg = Debug|Win32
		{3B0095DF-2969-42D9-9CB4-9476D94D387E}.Debug|Win32.Build.0 = Debug|Win32
		{3B0095DF-2969-42D9-9CB4-9476D94D387E}.Debug|x64.ActiveCfg = Debug|x64
		{3B0095DF-2969-42D9-9CB4-9476D94D387E}.Debug|x64.Build.0 = Debug|x64
		{3B0095DF-2969-42D9-9CB4-9476D94D387E}.Release|Win32.ActiveCfg = Release|Win32
		{3B0095DF-2969-42D9-9CB4-9476D94D387E}.Release|Win32.Build.0 = Release|Win32
		{3B0095DF-2969-42D9-9CB4-9476D94D387E}.Release|x64.ActiveCfg = Release|x64
		{3B0095DF-2969-42D9-9CB4-9476D94D387E}.Release|x64.Build.0 = Release|x64
		{3B0095DF-2969-42D9-9CB4-9476D94D387E}.Unicode Debug|Win32.ActiveCfg = Unicode Debug|Win32
		{3B0095DF-2969-42D9-9CB4-9476D94D387E}.Unicode Debug|Win32.Build.0 = Unicode Debug|Win32
		{3B0095DF-2969-42D9-9CB4-9476D94D387E}.Unicode Debug|x64.ActiveCfg = Unicode Debug|x64
		{3B0095DF-2969-42D9-9CB4-9476D94D387E}.Unicode Debug|x64.Build.0 = Unicode Debug|x64
		{3B0095DF-2969-42D9-9CB4-9476D94D387E}.Unicode Release|Win32.ActiveCfg = Unicode Release|Win32
		{3B0095DF-2969-42D9-9CB4-9476D94D387E}.Unicode Release|Win32.Build.0 = Unicode Release|Win32
		{3B0095DF-2969-42D9-9CB4-9476D94D387E}.Unicode Release|x64.ActiveCfg = Unicode Release|x64
		{3B0095DF-2969-42D9-9CB4-9476D94D387E}.Unicode Release|x64.Build.0 = Unicode Release|x64
		{1CE73A7E-C0F8-4330-BC27-39A4C0432D7E}.Debug|Win32.ActiveCfg = Debug|Win32
		{1CE73A7E-C0F8-4330-BC27-39A4C0432D7E}.Debug|Win32.Build.0 = Debug|Win32
		{1CE73A7E-C0F8-4330-BC27-39A4C0432D7E}.Debug|x64.ActiveCfg = Debug|x64
		{1CE73A7E-C0F8-4330-BC27-39A4C0432D7E}.Debug|x64.Build.0 = Debug|x64
		{1CE73A7E-C0F8-4330-BC27-39A4C0432D7E}.Release|Win32.ActiveCfg = Release|Win32
		{1CE73A7E-C0F8-4330-BC27-39A4C0432D7E}.Release|Win32.Build.0 = Release|Win32
		{1CE73A7E-C0F8-4330-BC27-39A4C0432D7E}.Release|x64.ActiveCfg = Release|x64
		{1CE73A7E-C0F8-4330-BC27-39A4C0432D7E}.Release|x64.Build.0 = Release|x64
		{1CE73A7E-C0F8-4330-BC27-39A4C0432D7E}.Unicode Debug|Win32.ActiveCfg = Unicode Debug|Win32
		{1CE73A7E-C0F8-4330-BC27-39A4C0432D7E}.Unicode Debug|Win32.Build.0 = Unicode Debug|Win32
		{1CE73A7E-C0F8-4330-BC27-39A4C0432D7E}.Unicode Debug|x64.ActiveCfg = Unicode Debug|x64
		{1CE73A7E-C0F8-4330-BC27-39A4C0432D7E}.Unicode Debug|x64.Build.0 = Unicode Debug|x64
		{1CE73A7E-C0F8-4330-BC27-39A4C0432D7E}.Unicode Release|Win32.ActiveCfg = Unicode Release|Win32
		{1CE73A7E-C0F8-4330-BC27-39A4C0432D7E}.Unicode Release|Win32.Build.0 = Unicode Release|Win32
		{1CE73A7E-C0F8-4330-BC27-39A4C0432D7E}.Unicode Release|x64.ActiveCfg = Unicode Release|x64
		{1CE73A7E-C0F8-4330-BC27-39A4C0432D7E}.Unicode Release|x64.Build.0 = Unicode Release|x64
		{823E3D6A-FF72-4879-82EA-A2AD7F207BC0}.Debug|Win32.ActiveCfg = Debug|Win32
		{823E3D6A-FF72-4879-82EA-A2AD7F207BC0}.Debug|Win32.Build.0 = Debug|Win32
		{823E3D6A-FF72-4879-82EA-A2AD7F207BC0}.Debug|x64.ActiveCfg = Debug|x64
		{823E3D6A-FF72-4879-82EA-A2AD7F207BC0}.Debug|x64.Build.0 = Debug|x64
		{823E3D6A-FF72-4879-82EA-A2AD7F207BC0}.Release|Win32.ActiveCfg = Release|Win32
		{823E3D6A-FF72-4879-82EA-A2AD7F207BC0}.Release|Win32.Build.0 = Release|Win32
		{823E3D6A-FF72-4879-82EA-A2AD7F207BC0}.Release|x64.ActiveCfg = Release|x64
		{823E3D6A-FF72-4879-82EA-A2AD7F207BC0}.Release|x64.Build.0 = Release|x64
		{823E3D6A-FF72-4879-82EA-A2AD7F207BC0}.Unicode Debug|Win32.ActiveCfg = Unicode Debug|Win32
		{823E3D6A-FF72-4879-82EA-A2AD7F207BC0}.Unicode Debug|Win32.Build.0 = Unicode Debug|Win32
		{823E3D6A-FF72-4879-82EA-A2AD7F207BC0}.Unicode Debug|x64.ActiveCfg = Unicode Debug|x64
		{823E3D6A-FF72-4879-82EA-A2AD7F207BC0}.Unicode Debug|x64.Build.0 = Unicode Debug|x64
		{823E3D6A-FF72-4879-82EA-A2AD7F207BC0}.Unicode Release|Win32.ActiveCfg = Unicode Release|Win32
		{823E3D6A-FF72-4879-82EA-A2AD7F207BC0}.Unicode Release|Win32.Build.0 = Unicode Release|Win32
		{823E3D6A-FF72-4879-82EA-A2AD7F207BC0}.Unicode Release|x64.ActiveCfg = Unicode Release|x64
		{823E3D6A-FF72-4879-82EA-A2AD7F207BC0}.Unicode Release|x64.Build.0 = Unicode Release|x64
		{C8D983C3-2F4F-48DE-B219-66022725F31F}.Debug|Win32.ActiveCfg = Debug|Win32
		{C8D983C3-2F4F-48DE-B219-66022725F31F}.Debug|Win32.Build.0 = Debug|Win32
		{C8D983C3-2F4F-48DE-B219-66022725F31F}.Debug|x64.ActiveCfg = Debug|x64
		{C8D983C3-2F4F-48DE-B219-66022725F31F}.Debug|x64.Build.0 = Debug|x64
		{C8D983C3-2F4F-48DE-B219-66022725F31F}.Release|Win32.ActiveCfg = Release|Win32
		{C8D983C3-2F4F-48DE-B219-66022725F31F}.Release|Win32.Build.0 = Release|Win32
		{C8D983C3-2F4F-48DE-B219-66022725F31F}.Release|x64.ActiveCfg = Release|x64
		{C8D983C3-2F4F-48DE-B219-66022725F31F}.Release|x64.Build.0 = Release|x64
		{C8D983C3-2F4F-48DE-B219-66022725F31F}.Unicode Debug|Win32.ActiveCfg = Unicode Debug|Win32
		{C8D983C3-2F4F-48DE-B219-66022725F31F}.Unicode Debug|Win32.Build.0 = Unicode Debug|Win32
		{C8D983C3-2F4F-48DE-B219-66022725F31F}.Unicode Debug|x64.ActiveCfg = Unicode Debug|x64
		{C8D983C3-2F4F-48DE-B219-66022725F31F}.Unicode Debug|x64.Build.0 = Unicode Debug|x64
		{C8D983C3-2F4F-48DE-B219-66022725F31F}.Unicode Release|Win32.ActiveCfg = Unicode Release|Win32
		{C8D983C3-2F4F-48DE-B219-66022725F31F}.Unicode Release|Win32.Build.0 = Unicode Release|Win32
		{C8D983C3-2F4F-48DE-B219-66022725F31F}.Unicode Release|x64.ActiveCfg = Unicode Release|x64
		{C8D983C3-2F4F-48DE-B219-66022725F31F}.Unicode Release|x64.Build.0 = Unicode Release|x64
		{75878564-5983-7785-3897-633411312194}.Debug|Win32.ActiveCfg = Debug|Win32
		{75878564-5983-7785-3897-633411312194}.Debug|Win32.Build.0 = Debug|Win32
		{75878564-5983-7785-3897-633411312194}.Debug|x64.ActiveCfg = Debug|x64
		{75878564-5983-7785-3897-633411312194}.Debug|x64.Build.0 = Debug|x64
		{75878564-5983-7785-3897-633411312194}.Release|Win32.ActiveCfg = Release|Win32
		{75878564-5983-7785-3897-633411312194}.Release|Win32.Build.0 = Release|Win32
		{75878564-5983-7785-3897-633411312194}.Release|x64.ActiveCfg = Release|x64
		{75878564-5983-7785-3897-633411312194}.Release|x64.Build.0 = Release|x64
		{75878564-5983-7785-3897-633411312194}.Unicode Debug|Win32.ActiveCfg = Unicode Debug|Win32
		{75878564-5983-7785-3897-633411312194}.Unicode Debug|Win32.Build.0 = Unicode Debug|Win32
		{75878564-5983-7785-3897-633411312194}.Unicode Debug|x64.ActiveCfg = Unicode Debug|x64
		{75878564-5983-7785-3897-633411312194}.Unicode Debug|x64.Build.0 = Unicode Debug|x64
		{75878564-5983-7785-3897-633411312194}.Unicode Release|Win32.ActiveCfg = Unicode Release|Win32
		{75878564-5983-7785-3897-633411312194}.Unicode Release|Win32.Build.0 = Unicode Release|Win32
		{75878564-5983-7785-3897-633411312194}.Unicode Release|x64.ActiveCfg = Unicode Release|x64
		{75878564-5983-7785-3897-633411312194}.Unicode Release|x64.Build.0 = Unicode Release|x64
		{8988E81C-A9F6-45A7-A15D-2FDD40D3942F}.Debug|Win32.ActiveCfg = Debug|Win32
		{8988E81C-A9F6-45A7-A15D-2FDD40D3942F}.Debug|Win32.Build.0 = Debug|Win32
		{8988E81C-A9F6-45A7-A15D-2FDD40D3942F}.Debug|x64.ActiveCfg = Debug|x64
		{8988E81C-A9F6-45A7-A15D-2FDD40D3942F}.Debug|x64.Build.0 = Debug|x64
		{8988E81C-A9F6-45A7-A15D-2FDD40D3942F}.Release|Win32.ActiveCfg = Release|Win32
		{8988E81C-A9F6-45A7-A15D-2FDD40D3942F}.Release|Win32.Build.0 = Release|Win32
		{8988E81C-A9F6-45A7-A15D-2FDD40D3942F}.Release|x64.ActiveCfg = Release|x64
		{8988E81C-A9F6-45A7-A15D-2FDD40D3942F}.Release|x64.Build.0 = Release|x64
		{8988E81C-A9F6-45A7-A15D-2FDD40D3942F}.Unicode Debug|Win32.ActiveCfg = Unicode Debug|Win32
		{8988E81C-A9F6-45A7-A15D-2FDD40D3942F}.Unicode Debug|Win32.Build.0 = Unicode Debug|Win32
		{8988E81C-A9F6-45A7-A15D-2FDD40D3942F}.Unicode Debug|x64.ActiveCfg = Unicode Debug|x64
		{8988E81C-A9F6-45A7-A15D-2FDD40D3942F}.Unicode Debug|x64.Build.0 = Unicode Debug|x64
		{8988E81C-A9F6-45A7-A15D-2FDD40D3942F}.Unicode Release|Win32.ActiveCfg = Unicode Release|Win32
		{8988E81C-A9F6-45A7-A15D-2FDD40D3942F}.Unicode Release|Win32.Build.0 = Unicode Release|Win32
		{8988E81C-A9F6-45A7-A15D-2FDD40D3942F}.Unicode Release|x64.ActiveCfg = Unicode Release|x64
		{8988E81C-A9F6-45A7-A15D-2FDD40D3942F}.Unicode Release|x64.Build.0 = Unicode Release|x64
		{02E8B3C3-D794-48D8-9454-30B9E500D293}.Debug|Win32.ActiveCfg = Debug|Win32
		{02E8B3C3-D794-48D8-9454-30B9E500D293}.Debug|Win32.Build.0 = Debug|Win32
		{02E8B3C3-D794-48D8-9454-30B9E500D293}.Debug|x64.ActiveCfg = Debug|x64
		{02E8B3C3-D794-48D8-9454-30B9E500D293}.Debug|x64.Build.0 = Debug|x64
		{02E8B3C3-D794-48D8-9454-30B9E500D293}.Release|Win32.ActiveCfg = Release|Win32
		{02E8B3C3-D794-48D8-9454-30B9E500D293}.Release|Win32.Build.0 = Release|Win32
		{02E8B3C3-D794-48D8-9454-30B9E500D293}.Release|x64.ActiveCfg = Release|x64
		{02E8B3C3-D794-48D8-9454-30B9E500D293}.Release|x64.Build.0 = Release|x64
		{02E8B3C3-D794-48D8-9454-30B9E500D293}.Unicode Debug|Win32.ActiveCfg = Unicode Debug|Win32
		{02E8B3C3-D794-48D8-9454-30B9E500D293}.Unicode Debug|Win32.Build.0 = Unicode Debug|Win32
		{02E8B3C3-D794-48D8-9454-30B9E500D293}.Unicode Debug|x64.ActiveCfg = Unicode Debug|x64
		{02E8B3C3-D794-48D8-9454-30B9E500D293}.Unicode Debug|x64.Build.0 = Unicode Debug|x64
		{02E8B3C3-D794-48D8-9454-30B9E500D293}.Unicode Release|Win32.ActiveCfg = Unicode Release|Win32
		{02E8B3C3-D794-48D8-9454-30B9E500D293}.Unicode Release|Win32.Build.0 = Unicode Release|Win32
		{02E8B3C3-D794-48D8-9454-30B9E500D293}.Unicode Release|x64.ActiveCfg = Unicode Release|x64
		{02E8B3C3-D794-48D8-9454-30B9E500D293}.Unicode Release|x64.Build.0 = Unicode Release|x64
		{2B6FADF0-38E6-49DE-8FB1-C53947A6E719}.Debug|Win32.ActiveCfg = Debug|Win32
		{2B6FADF0-38E6-49DE-8FB1-C53947A6E719}.Debug|Win32.Build.0 = Debug|Win32
		{2B6FADF0-38E6-49DE-8FB1-C53947A6E719}.Debug|x64.ActiveCfg = Debug|x64
		{2B6FADF0-38E6-49DE-8FB1-C53947A6E719}.Debug|x64.Build.0 = Debug|x64
		{2B6FADF0-38E6-49DE-8FB1-C53947A6E719}.Release|Win32.ActiveCfg = Release|Win32
		{2B6FADF0-38E6-49DE-8FB1-C53947A6E719}.Release|Win32.Build.0 = Release|Win32
		{2B6FADF0-38E6-49DE-8FB1-C53947A6E719}.Release|x64.ActiveCfg = Release|x64
		{2B6FADF0-38E6-49DE-8FB1-C53947A6E719}.Release|x64.Build.0 = Release|x64
		{2B6FADF0-38E6-49DE-8FB1-C53947A6E719}.Unicode Debug|Win32.ActiveCfg = Unicode Debug|Win32
		{2B6FADF0-38E6-49DE-8FB1-C53947A6E719}.Unicode Debug|Win32.Build.0 = Unicode Debug|Win32
		{2B6FADF0-38E6-49DE-8FB1-C53947A6E719}.Unicode Debug|x64.ActiveCfg = Unicode Debug|x64
		{2B6FADF0-38E6-49DE-8FB1-C53947A6E719}.Unicode Debug|x64.Build.0 = Unicode Debug|x64
		{2B6FADF0-38E6-49DE-8FB1-C53947A6E719}.Unicode Release|Win32.ActiveCfg = Unicode Release|Win32
		{2B6FADF0-38E6-49DE-8FB1-C53947A6E719}.Unicode Release|Win32.Build.0 = Unicode Release|Win32
		{2B6FADF0-38E6-49DE-8FB1-C53947A6E719}.Unicode Release|x64.ActiveCfg = Unicode Release|x64
		{2B6FADF0-38E6-49DE-8FB1-C53947A6E719}.Unicode Release|x64.Build.0 = Unicode Release|x64
		{BF838DA7-52F2-42AD-95D0-1A2BE9CF682C}.Debug|Win32.ActiveCfg = Debug|Win32
		{BF838DA7-52F2-42AD-95D0-1A2BE9CF682C}.Debug|Win32.Build.0 = Debug|Win32
		{BF838DA7-52F2-42AD-95D0-1A2BE9CF682C}.Debug|x64.ActiveCfg = Debug|x64
		{BF838DA7-52F2-42AD-95D0-1A2BE9CF682C}.Debug|x64.Build.0 = Debug|x64
		{BF838DA7-52F2-42AD-95D0-1A2BE9CF682C}.Release|Win32.ActiveCfg = Release|Win32
		{BF838DA7-52F2-42AD-95D0-1A2BE9CF682C}.Release|Win32.Build.0 = Release|Win32
		{BF838DA7-52F2-42AD-95D0-1A2BE9CF682C}.Release|x64.ActiveCfg = Release|x64
		{BF838DA7-52F2-42AD-95D0-1A2BE9CF682C}.Release|x64.Build.0 = Release|x64
		{BF838DA7-52F2-42AD-95D0-1A2BE9CF682C}.Unicode Debug|Win32.ActiveCfg = Unicode Debug|Win32
		{BF838DA7-52F2-42AD-95D0-1A2BE9CF682C}.Unicode Debug|Win32.Build.0 = Unicode Debug|Win32
		{BF838DA7-52F2-42AD-95D0-1A2BE9CF682C}.Unicode Debug|x64.ActiveCfg = Unicode Debug|x64
		{BF838DA7-52F2-42AD-95D0-1A2BE9CF682C}.Unicode Debug|x64.Build.0 = Unicode Debug|x64
		{BF838DA7-52F2-42AD-95D0-1A2BE9CF682C}.Unicode Release|Win32.ActiveCfg = Unicode Release|Win32
		{BF838DA7-52F2-42AD-95D0-1A2BE9CF682C}.Unicode Release|Win32.Build.0 = Unicode Release|Win32
		{BF838DA7-52F2-42AD-95D0-1A2BE9CF682C}.Unicode Release|x64.ActiveCfg = Unicode Release|x64
		{BF838DA7-52F2-42AD-95D0-1A2BE9CF682C}.Unicode Release|x64.Build.0 = Unicode Release|x64
	EndGlobalSection
	GlobalSection(SolutionProperties) = preSolution
		HideSolutionNode = FALSE
	EndGlobalSection
EndGlobal
