<?xml version="1.0" encoding="utf-8"?>
<Project ToolsVersion="4.0" xmlns="http://schemas.microsoft.com/developer/msbuild/2003">
  <ItemGroup>
    <Filter Include="Source Files">
      <UniqueIdentifier>{4FC737F1-C7A5-4376-A066-2A32D752A2FF}</UniqueIdentifier>
      <Extensions>cpp;c;cc;cxx;def;odl;idl;hpj;bat;asm;asmx</Extensions>
    </Filter>
    <Filter Include="Header Files">
      <UniqueIdentifier>{93995380-89BD-4b04-88EB-625FBE52EBFB}</UniqueIdentifier>
      <Extensions>h;hh;hpp;hxx;hm;inl;inc;xsd</Extensions>
    </Filter>
    <Filter Include="Resource Files">
      <UniqueIdentifier>{67DA6AB6-F800-4c08-8B7A-83BB121AAD01}</UniqueIdentifier>
      <Extensions>rc;ico;cur;bmp;dlg;rc2;rct;bin;rgs;gif;jpg;jpeg;jpe;resx;tiff;tif;png;wav;mfcribbon-ms</Extensions>
    </Filter>
    <Filter Include="net">
      <UniqueIdentifier>{59e4d476-8311-4493-9900-5a3b99da8cfc}</UniqueIdentifier>
    </Filter>
    <Filter Include="thread">
      <UniqueIdentifier>{6d611bc0-c635-4eb9-a103-c54c8afaba66}</UniqueIdentifier>
    </Filter>
    <Filter Include="std">
      <UniqueIdentifier>{b9cabf2c-75cb-4460-b205-4899a2ef27de}</UniqueIdentifier>
    </Filter>
    <Filter Include="windows">
      <UniqueIdentifier>{525a5e98-598f-4865-8367-75c1ab6d8fd9}</UniqueIdentifier>
    </Filter>
    <Filter Include="log">
      <UniqueIdentifier>{b824b4d8-8e19-4391-8887-ab6163fd6194}</UniqueIdentifier>
    </Filter>
    <Filter Include="filesystem">
      <UniqueIdentifier>{0899dc22-bd14-45da-8d88-f15978b0db86}</UniqueIdentifier>
    </Filter>
    <Filter Include="dll_export">
      <UniqueIdentifier>{64c66dfd-f940-4925-9541-d23b233f8bc4}</UniqueIdentifier>
    </Filter>
  </ItemGroup>
  <ItemGroup>
    <ClCompile Include="thread\multi_thread_wrapper.cpp">
      <Filter>thread</Filter>
    </ClCompile>
    <ClCompile Include="filesystem\file_system.cpp">
      <Filter>filesystem</Filter>
    </ClCompile>
    <ClCompile Include="lw_util.cpp">
      <Filter>dll_export</Filter>
    </ClCompile>
    <ClCompile Include="log\logger.cpp">
      <Filter>log</Filter>
    </ClCompile>
    <ClCompile Include="filesystem\process.cpp">
      <Filter>filesystem</Filter>
    </ClCompile>
    <ClCompile Include="stdafx.cpp">
      <Filter>Source Files</Filter>
    </ClCompile>
    <ClCompile Include="filesystem\filelist.cpp">
      <Filter>filesystem</Filter>
    </ClCompile>
    <ClCompile Include="std\guid.cpp">
      <Filter>filesystem</Filter>
    </ClCompile>
    <ClCompile Include="filesystem\interface_svr.cpp">
      <Filter>filesystem</Filter>
    </ClCompile>
    <ClCompile Include="std\time_helper.cpp">
      <Filter>std</Filter>
    </ClCompile>
    <ClCompile Include="std\string_convert.cpp">
      <Filter>std</Filter>
    </ClCompile>
  </ItemGroup>
  <ItemGroup>
    <ClInclude Include="thread\multi_thread_wrapper.h">
      <Filter>thread</Filter>
    </ClInclude>
    <ClInclude Include="stdafx.h">
      <Filter>Header Files</Filter>
    </ClInclude>
    <ClInclude Include="filesystem\file_system.h">
      <Filter>filesystem</Filter>
    </ClInclude>
    <ClInclude Include="lw_util.h">
      <Filter>dll_export</Filter>
    </ClInclude>
    <ClInclude Include="log\logger.h">
      <Filter>log</Filter>
    </ClInclude>
    <ClInclude Include="log\logger_define.h">
      <Filter>log</Filter>
    </ClInclude>
    <ClInclude Include="filesystem\process.h">
      <Filter>filesystem</Filter>
    </ClInclude>
    <ClInclude Include="std\sortable_shared_ptr.h">
      <Filter>std</Filter>
    </ClInclude>
    <ClInclude Include="filesystem\filelist.h">
      <Filter>filesystem</Filter>
    </ClInclude>
    <ClInclude Include="std\guid.h">
      <Filter>filesystem</Filter>
    </ClInclude>
    <ClInclude Include="filesystem\interface_svr.h">
      <Filter>filesystem</Filter>
    </ClInclude>
    <ClInclude Include="std\time_helper.h">
      <Filter>std</Filter>
    </ClInclude>
    <ClInclude Include="std\string_convert.h">
      <Filter>std</Filter>
    </ClInclude>
    <ClInclude Include="std\strhelper.h">
      <Filter>std</Filter>
    </ClInclude>
    <ClInclude Include="std\tree.h">
      <Filter>std</Filter>
    </ClInclude>
  </ItemGroup>
  <ItemGroup>
    <None Include="lw_util.def">
      <Filter>dll_export</Filter>
    </None>
  </ItemGroup>
</Project>